# scripts/packages/arena.lock —— 已安装 kit arena@1.0.0 的登记与文件清单锁。Do not edit by hand.
# writer: npm --workspace @game/server run plugin -- install ；checker: apps/server/test/plugin-lock.test.ts（随 verify:all）与 plugin -- check
# manifest {"class":"kit","id":"arena","version":"1.0.0","kinds":["client","gameplay","server"],"constantName":null,"modes":[{"id":"arenaCapture","constantName":"ArenaCapture"},{"id":"arenaDuel","constantName":"ArenaDuel"}],"api":{"board":{"version":1,"minSupported":1},"ranking":{"version":1,"minSupported":1}},"domains":["arena"],"fguiPackages":[]}
# source {"kind":"package","filesLockSha256":"e9a28ddeb2abd713cfc054491ec23f547654a097d478b06c62597b63b009da50"}
apps/Cocos/assets/src/gameplay/modes/arenaCapture.meta 23c89f852c8e120a395ade155ef8be8d5044d1fea74cc734415a6dec50fef57b
apps/Cocos/assets/src/gameplay/modes/arenaCapture/index.ts 35028372f6002da1e11fe982525f29ba821e51c8142e1c4934a96a0c9a7e3214
apps/Cocos/assets/src/gameplay/modes/arenaCapture/index.ts.meta 1a8babc6ccdc4f66600823d7e660115ea58ba1aeede18d6703510f1569e1a82a
apps/Cocos/assets/src/gameplay/modes/arenaDuel.meta 8aa53c59c14dbdd9509c010032b9965563bd41d0e4dd6d36ca61317624427fee
apps/Cocos/assets/src/gameplay/modes/arenaDuel/index.ts 423c5765f11e0eda89ce6785d5ad22b714ff8bf9e1dbc556c7c4bb2c6b5e2802
apps/Cocos/assets/src/gameplay/modes/arenaDuel/index.ts.meta 541dba858bcedbddfab9fe17459810e509a4d5db57ba99a3a1027ea13bbc74fd
apps/Cocos/assets/src/kits/arena.meta 0655595e6ac5c15da997684715826e6830a672eba125ded1c4d6703d19986c15
apps/Cocos/assets/src/kits/arena/api.meta 2bc2b0be7ce599ea76fc4ac9fccc974b01a0f4ab5bf0c76f99fd958860092d13
apps/Cocos/assets/src/kits/arena/api/board.meta e3e45ef0906148ea1c4a13763c7cb77c846f72de064c7ac15c2fcfbbd6e200d1
apps/Cocos/assets/src/kits/arena/api/board/index.ts f6ec3bb0e6f3da9982ae6222d98ca7236c6f9ccf8a45e32a4f6f11fbbae61ede
apps/Cocos/assets/src/kits/arena/api/board/index.ts.meta 399300fece1bf91bc5789a5593c299f230d5f985be55ed076dd8c55a91630d0a
apps/Cocos/assets/src/kits/arena/api/ranking.meta 0ff4f0b94f632e161008237c249290d1816a8d5882170eb10a13a324557b79db
apps/Cocos/assets/src/kits/arena/api/ranking/index.ts 0b8911b49f09fcc5490acb7be8ee3a25bc3c93d8ee688693b8972ffe69676cde
apps/Cocos/assets/src/kits/arena/api/ranking/index.ts.meta d83c7a20b941ba8ffa91360f0f396138c8fbda918199141c6afa336ec3c6dbd5
apps/Cocos/assets/src/kits/arena/index.ts 8417f3bb089061a0cca45621ceddebd2e6b500012624d49cc8d17949101c4ccf
apps/Cocos/assets/src/kits/arena/index.ts.meta 728105e5b53dc1f44ec1255f4a853f5bb060ce4ffce319d7b37185bbf0fd320b
apps/Cocos/assets/src/kits/arena/logic.meta 773b8d854d505bfa7d5ff002037ecddb4b7a694e37db7bc3827a7bcf9feae6eb
apps/Cocos/assets/src/kits/arena/logic/ArenaBoardLogic.ts 81f87f9e950918b2fe5330e6a1b806d153930a92726a2430043c972f08a7e5cd
apps/Cocos/assets/src/kits/arena/logic/ArenaBoardLogic.ts.meta 325c02ec46fa741b26b2c8f4196821cddda7fa57de67d011565fa65012d9fd5d
apps/Cocos/assets/src/kits/arena/logic/arenaRuntime.ts 6f334b4f97fb16d3e18801c69ca6be828005420845b79a59b2efd1354a6e28da
apps/Cocos/assets/src/kits/arena/logic/arenaRuntime.ts.meta 457e8f78b52a58b923db19c42093c2deaeedef1735556cf17a9d75a1cc2e9d6b
apps/Cocos/assets/src/kits/arena/view.meta 47ab97fdf96d6a5ecc3a4549346e3df1767c50288862cc17d1dc2b5216a328cf
apps/Cocos/assets/src/kits/arena/view/ArenaBoardView.ts c9707434d89ad790e0af8c1d48c64e6e693da9dd18dd78bc22cf298cf4ff7644
apps/Cocos/assets/src/kits/arena/view/ArenaBoardView.ts.meta 6018d2d3128c444e539da3f2a81a8e9023b573ee4dada94543938c86c9ab5b41
apps/Cocos/assets/src/kits/arena/view/ArenaBoardView.view.json 0f400139a82b6b5c02b95c15046a5f2f788f29e8665f6e3fd268c15e37b3d5cb
apps/Cocos/assets/src/kits/arena/view/ArenaBoardView.view.json.meta a2da615bd2409f6b17b493851c47286545a12b3d9c95dbae8a251b2f297209b1
apps/Cocos/assets/src/logic/rooms/arenaCapture.meta 775ecd70d5fb61cc3f49159551bb555b3a1959db22847d15d1bd1c8e322efc8b
apps/Cocos/assets/src/logic/rooms/arenaCapture/ArenaCaptureGameplay.ts c86bb959ff2fa00f635915e2c811b5473aceaf78f0b3d380722feaeb63b96911
apps/Cocos/assets/src/logic/rooms/arenaCapture/ArenaCaptureGameplay.ts.meta 8ba6bf5f975974fcd634ba7478e63148e8f7cfae1d3ff05316ec29bae2f7e4a7
apps/Cocos/assets/src/logic/rooms/arenaDuel.meta 6719a600b8e9a6098f0f9bd337198d7a3ca529725d18ed0143cdb0e6012cc8d7
apps/Cocos/assets/src/logic/rooms/arenaDuel/ArenaDuelGameplay.ts 1db06ffb9b5ca96f35d0654a12be2fd6d69db3ecb608c68537d53c0babf54771
apps/Cocos/assets/src/logic/rooms/arenaDuel/ArenaDuelGameplay.ts.meta 00b4a370b6c2e7d81f2c08b15a460064250f3f216ddfe7b1982c5fb658fc9a3a
apps/Cocos/assets/src/net/rooms/ArenaCaptureRoom.ts a1dcc83adf32b68d377f60dfd8d0411f2f11af445442134751525072f0325cd4
apps/Cocos/assets/src/net/rooms/ArenaCaptureRoom.ts.meta 008ef60ea48c3a2ea55bc21fdae7c03dcbf7f41871d56b342738b8bc64129032
apps/Cocos/assets/src/net/rooms/ArenaDuelRoom.ts 15cf952723e72f74d0bcd4ea0c05ab092c43711334cb7cd9bb2a5546005860b7
apps/Cocos/assets/src/net/rooms/ArenaDuelRoom.ts.meta 1fd3518acb7b2509a7fb4cd9593000bf5bea1d27bed8f72a9ab63700019cb858
apps/Cocos/assets/src/view/rooms/arenaCapture.meta 25b8b8a46471d2b884fd6e326f53e7b48e3ebbe9af0c7dab68f1ba188cdd0bc9
apps/Cocos/assets/src/view/rooms/arenaCapture/ArenaCaptureView.ts 78bdd9575193e8e1dac4f7051f297773525fa19cbbb3e7b50e4bb947dbbf1eb7
apps/Cocos/assets/src/view/rooms/arenaCapture/ArenaCaptureView.ts.meta bd42740eb5309e5f06d46368c067a07860660feebb7c40c3d91c25f0805fce53
apps/Cocos/assets/src/view/rooms/arenaCapture/ArenaCaptureView.view.json 1fadc4cbc000a2002b8f641aa50d91fb7f00ad252f3eda75a4dae6b51f5ce807
apps/Cocos/assets/src/view/rooms/arenaCapture/ArenaCaptureView.view.json.meta 484a0bb2ca415f62b3ee8013a422f448730bce643203128789cd33a6ccbeb6d1
apps/Cocos/assets/src/view/rooms/arenaDuel.meta 4eb0aa2d9fa8f5d555e6b34f845953055dc54196c429e2ddad28e401848869d8
apps/Cocos/assets/src/view/rooms/arenaDuel/ArenaDuelView.ts a0c21529ece662ade9303f25719f7abba252843867316fa456b0da6aefd61c51
apps/Cocos/assets/src/view/rooms/arenaDuel/ArenaDuelView.ts.meta 644d8e77a54bb316b323de6ee37cc606a4156c422c5269cf503bf8fec119bc01
apps/Cocos/assets/src/view/rooms/arenaDuel/ArenaDuelView.view.json 12d80b0ac59b2141a3122073016679429083081b38397b88a9b6d8ba2efb7598
apps/Cocos/assets/src/view/rooms/arenaDuel/ArenaDuelView.view.json.meta 9ddf12ba8b7aa838c167acb2fe21889a9926bf8b40951dcf8dfcc23ea99f6e0e
apps/client/src/gameplay/modes/arenaCapture/index.ts 35028372f6002da1e11fe982525f29ba821e51c8142e1c4934a96a0c9a7e3214
apps/client/src/gameplay/modes/arenaDuel/index.ts 423c5765f11e0eda89ce6785d5ad22b714ff8bf9e1dbc556c7c4bb2c6b5e2802
apps/client/src/kits/arena/api/board/index.ts f6ec3bb0e6f3da9982ae6222d98ca7236c6f9ccf8a45e32a4f6f11fbbae61ede
apps/client/src/kits/arena/api/ranking/index.ts 0b8911b49f09fcc5490acb7be8ee3a25bc3c93d8ee688693b8972ffe69676cde
apps/client/src/kits/arena/index.ts 8417f3bb089061a0cca45621ceddebd2e6b500012624d49cc8d17949101c4ccf
apps/client/src/kits/arena/logic/ArenaBoardLogic.ts 81f87f9e950918b2fe5330e6a1b806d153930a92726a2430043c972f08a7e5cd
apps/client/src/kits/arena/logic/arenaRuntime.ts 6f334b4f97fb16d3e18801c69ca6be828005420845b79a59b2efd1354a6e28da
apps/client/src/kits/arena/view/ArenaBoardView.ts c9707434d89ad790e0af8c1d48c64e6e693da9dd18dd78bc22cf298cf4ff7644
apps/client/src/kits/arena/view/ArenaBoardView.view.json 0f400139a82b6b5c02b95c15046a5f2f788f29e8665f6e3fd268c15e37b3d5cb
apps/client/src/logic/rooms/arenaCapture/ArenaCaptureGameplay.ts c86bb959ff2fa00f635915e2c811b5473aceaf78f0b3d380722feaeb63b96911
apps/client/src/logic/rooms/arenaDuel/ArenaDuelGameplay.ts 1db06ffb9b5ca96f35d0654a12be2fd6d69db3ecb608c68537d53c0babf54771
apps/client/src/net/rooms/ArenaCaptureRoom.ts a1dcc83adf32b68d377f60dfd8d0411f2f11af445442134751525072f0325cd4
apps/client/src/net/rooms/ArenaDuelRoom.ts 15cf952723e72f74d0bcd4ea0c05ab092c43711334cb7cd9bb2a5546005860b7
apps/client/src/view/rooms/arenaCapture/ArenaCaptureView.ts 78bdd9575193e8e1dac4f7051f297773525fa19cbbb3e7b50e4bb947dbbf1eb7
apps/client/src/view/rooms/arenaCapture/ArenaCaptureView.view.json 1fadc4cbc000a2002b8f641aa50d91fb7f00ad252f3eda75a4dae6b51f5ce807
apps/client/src/view/rooms/arenaDuel/ArenaDuelView.ts a0c21529ece662ade9303f25719f7abba252843867316fa456b0da6aefd61c51
apps/client/src/view/rooms/arenaDuel/ArenaDuelView.view.json 12d80b0ac59b2141a3122073016679429083081b38397b88a9b6d8ba2efb7598
apps/client/test/arena-board-logic.test.ts aba02460baa1a009f066473f5f5318dc4080cc09d40e0fd23c03b281bc85e752
apps/client/test/arenaCapture-gameplay.test.ts eab7f776e17b9a74f771158b1263aecfb47a04f84fc3f4fa3785eb3e12f06034
apps/client/test/arenaDuel-gameplay.test.ts 496138f51a7251a29c57c2e79029d2b5f2eb070598b76ec614dd71c2261ff71c
apps/kits/arena/README.md 4ec93b744b108ae68367387f35e70c1470920158088f553702921a092b496e22
apps/kits/arena/gameplays/arenaCapture/manifest.json f2e38f4fe797341aebf5f25cb31b4d6768fb166d73db087c43d8d723aea3cde7
apps/kits/arena/gameplays/arenaCapture/state.json 46808e25110afcbd69d8b66c5fec16efb8aab8ab5a429b44dab65da658733fb9
apps/kits/arena/gameplays/arenaDuel/manifest.json d7a7daee9c247e40d99d38f1cd7d084b57a8998d5e5eaf448a3c74771c341769
apps/kits/arena/gameplays/arenaDuel/state.json 0654f08887c38d3461ea842ebb97bb6e288bdfa5b8d3cdaee83570597ffbc2e3
apps/kits/arena/kit.json 1d212d5f12cca4f6de9d817dffa748c0f35432241db2a6455172cbfb8bca495b
apps/kits/arena/sql/001-init.sql afd1722fab824d33fc677d591483120637e5c2dcec0e60fda1f40b7a0d7cbc55
apps/server/src/kits/arena/api/board/index.ts a2546a06a169e8a273c12721105dd8b83bfba4b546fd273687b1aa264e9291da
apps/server/src/kits/arena/api/ranking/index.ts ad21d40ba9003c6fe9019dd2657e06c99bc9867d9df2c9f97c9e1d2ffcf9f78c
apps/server/src/kits/arena/boardRepo.ts 10b7d75bef8b35d85eb47dd0f6d0b9d0f91fd281c6d82808aaa3ed5017997e3a
apps/server/src/kits/arena/host.ts 93a18a7b503450428733250775af83d2e480fc4a7a3163925ca225e6e2ec2814
apps/server/src/rooms/modes/arenaCapture/index.ts 8716ac0be95fb8b7334bd7646f2c0ab68459c4921e2397d117a920372276c381
apps/server/src/rooms/modes/arenaDuel/index.ts 03e9db741405c6ff4a154471795ae6a411d740bf9d318a8b7bd4dd2694a9b3d3
apps/server/src/websocket/arena/board.ts 6ef6b1292699b13f59afd58fc2c6c04c4dbc158ab454dfa83a16cc2dc3ffba3c
apps/server/src/websocket/arena/capture.ts cddc55dbc9fd2f3ca9708ae4b566f8b3ab5a8d70402fd9eecdb85e05351f0d74
apps/server/test/arena-board.test.ts 64f8a20d380f5385aece87c47eaa9442b98e2b4046fdf1a1042250e4883906e6
apps/server/test/arena-sql.test.ts b77ac104c7af34793d8d8b44afa3086fa16948d882beee8bf9fdd2ffb5d1f245
apps/server/test/arenaCapture-game-mode.test.ts 9ee2afe34bf15c78079659f89bb7b0100759b552db56c89ff73af7100d9db77d
apps/server/test/arenaDuel-game-mode.test.ts 466a08a15ef75ce6c8a492902a453f25e107ad20ab0e84925fcabb5a426844fa
apps/server/test/lobbyRpcVectors/arena.ts 61a49cebfea3840f77a582f40bd37ac6439f0eb415b06c0af57af9bfec9f913b
apps/server/test/wire-vectors/arenaCapture.ts b9af15acb685278e354ecb4847e590ba2a466b3deb3bcef42e1d12a41feb3a79
apps/server/test/wire-vectors/arenaDuel.ts 0cedf8ea295fc0ad46bd2ba5c2242779c3a1d8babc1cbe466b8abd703806b66d
apps/shared/src/gameplays/arenaCapture/wire.ts 2d4eae6ae2037f6b56eb1310fb74f4a513d2df903779dae848bb5ecdcd6e9038
apps/shared/src/gameplays/arenaDuel/wire.ts f86108b603e436d7a00c5ea16a1814c4e4e4c6e29d48909d8e6602f0b590535f
apps/shared/src/kits/arena/api/board/index.ts 04f0e970f1aa95812a6941c3ef2d18fe7c366e0220974bdf8e23e50a22b32f32
apps/shared/src/kits/arena/api/ranking/index.ts 06617f2a99e50a385e11f93822be22aa221005dc8c2efa62aac69062b0a5ae64
apps/shared/src/protocol/lobbyRpc/domains/arena.ts b0df3a7d9b48719d53c095f3b1e89347416133dc2c3ae57aff6603f1cbe54a09
