# scripts/packages/mmo.lock —— 已安装 kit mmo@0.1.26 的登记与文件清单锁。Do not edit by hand.
# writer: npm --workspace @game/server run plugin -- install ；checker: apps/server/test/plugin-lock.test.ts（随 verify:all）与 plugin -- check
# manifest {"class":"kit","id":"mmo","version":"0.1.26","kinds":["client","gameplay","server"],"constantName":null,"modes":[{"id":"mmoWorld","constantName":"MmoWorld"}],"api":{"characters":{"version":1,"minSupported":1},"world":{"version":3,"minSupported":1},"movement":{"version":1,"minSupported":1},"content":{"version":3,"minSupported":2},"social":{"version":1,"minSupported":1},"combat":{"version":1,"minSupported":1},"ai":{"version":1,"minSupported":1},"inventory":{"version":3,"minSupported":1},"orchestration":{"version":1,"minSupported":1}},"workers":[{"id":"worldEvents","entry":"apps/server/src/kits/mmo/workers/worldEvents.ts"}],"contributions":{"content":{"kind":"data","ends":["server","client"],"schemaDigest":"4a80cbdb06a2ca58ef307aaf7af01671c1546dcf58ccab372070f9e2c7b5dd06"},"presentation":{"kind":"module","ends":["client"],"export":"presentation"},"orchestration":{"kind":"module","ends":["server"],"export":"orchestration"}},"domains":["mmo","mmoSocial"],"fguiPackages":[]}
# source {"kind":"tree","filesLockSha256":"c39c0ccb26d70bd71046176d060e8dbf37f20af71317e167fdf32e9c0bd72651","forkedFrom":{"kind":"package","filesLockSha256":"7b401c862f3d3ca0de09d8bed80cc781ec15d44bd38f05bcb300682384e7a2f1"}}
apps/Cocos/assets/src/gameplay/modes/mmoWorld.meta f5b88a690d0698fb3a843d13752ded440adfb5af1803ff67e0350b7eba5c0f0d
apps/Cocos/assets/src/gameplay/modes/mmoWorld/index.ts 3d8a37e2459e3631b9bdfe7c629f6fb30dca46486e08a86e0deaf4fea24d80ea
apps/Cocos/assets/src/gameplay/modes/mmoWorld/index.ts.meta 1bf10761ba8dcf62468c911ab433c9fffdf455b2952cb4729554668059a91b02
apps/Cocos/assets/src/kits/mmo.meta 3ee84677f432091cfe8814e606b1f0ef60ec15d3b40407a0bfcb1c4452f99e3d
apps/Cocos/assets/src/kits/mmo/api.meta 9648bae40fd7410738a64a9b034d3b4373ab339b44e774d1ca1755fd5c50e5bf
apps/Cocos/assets/src/kits/mmo/api/characters.meta 27da8ff6dc8ab7f65de77fa4dcfa52428f1fa9ce8430c2f6b0835ff8b4c933b4
apps/Cocos/assets/src/kits/mmo/api/characters/index.ts 7374d784960f076cc2e673a59529d9fdf745f2d76c4add58f37c20eaf255ed3e
apps/Cocos/assets/src/kits/mmo/api/characters/index.ts.meta 463557ce09cde8a632ad5620858ecf8032f6d26aa85dc07eb27e5abcf654834e
apps/Cocos/assets/src/kits/mmo/api/combat.meta 976079b2e7ba061cdc36a8733e80bab87887b8c9ff65f4c3cf1996df002fe133
apps/Cocos/assets/src/kits/mmo/api/combat/index.ts a27aab18ef09f505be190220ab66b1e30ea20d29ed58cfb18cc21729a6063d5f
apps/Cocos/assets/src/kits/mmo/api/combat/index.ts.meta 62d4ed7f268afb1a4a017460e3bd30f6062527bf6bd752c6ec83137fbaafcb0f
apps/Cocos/assets/src/kits/mmo/api/content.meta 0faf8b941c3261761b21782dd67ca035306f1504fd0f53a851a7bf7bd365845e
apps/Cocos/assets/src/kits/mmo/api/content/index.ts 27fd0b97a087bb8b09f3aeb6564a2c5e98a4e64abef984d170d2e980a9d80b10
apps/Cocos/assets/src/kits/mmo/api/content/index.ts.meta 705187c5efa49f759a9eb4c8409fab633a3672ae28152f7860441c7aea68164e
apps/Cocos/assets/src/kits/mmo/api/inventory.meta 7ae8960de4414784ef07c6854d69e393e4f255a9a485c8d85b5fcee97cc6eb69
apps/Cocos/assets/src/kits/mmo/api/inventory/index.ts ec4ceb24ba5cb68a3f999906a1e51fbff36e6cce1857a81a8752f0e0f4a7495d
apps/Cocos/assets/src/kits/mmo/api/inventory/index.ts.meta 5e6194cc84789d3114496f598c72cea2870f965c9e7d554ec798af02d4215d38
apps/Cocos/assets/src/kits/mmo/api/movement.meta dbafd9df4ea7e54a8a3e7655107b30586351f7a9b7763bf1af9df98598fded58
apps/Cocos/assets/src/kits/mmo/api/movement/index.ts 7a4d7096f963d46fd387e198aeae8857fdea349843278e8ddfdd2f262b854804
apps/Cocos/assets/src/kits/mmo/api/movement/index.ts.meta 8241804da3c110ee1b86f582a26996f9feff7e39ea988e3ea3118de4521d67bf
apps/Cocos/assets/src/kits/mmo/api/social.meta 053f591b1a9cdf139c6488f1396bea2168473bf265420efa8a6fdfec44ac7446
apps/Cocos/assets/src/kits/mmo/api/social/index.ts 8022c166a0f65ff03602759ab0e41c941f9a018f8d3ff252cf108c18c26700f0
apps/Cocos/assets/src/kits/mmo/api/social/index.ts.meta a4bc2eb4d097ad57559a8054562f261c8dd8ce84e531ac71a02e6c87134efc03
apps/Cocos/assets/src/kits/mmo/api/world.meta f28d4b124562b4d56457446c270c4e50efdb9918553033f839e7980e80ee555b
apps/Cocos/assets/src/kits/mmo/api/world/index.ts 4ad0f5821ac5ead80cda3d1dd6b8802705c72c7e7060739b48ed8a9fe1c4e75f
apps/Cocos/assets/src/kits/mmo/api/world/index.ts.meta 32177a78ef831f2fab1be42296eb7fb04bc7632eaefdb2781ac7d79b37b37c33
apps/Cocos/assets/src/kits/mmo/index.ts bd015aeb2f83df790632c81e48e98ad4da9c9625f30a64bc3318c9d45f4aab35
apps/Cocos/assets/src/kits/mmo/index.ts.meta 19419fc6047e441069ea6d262bf588a54a7f2bf546fbf438ba0568b5f0147cd1
apps/Cocos/assets/src/kits/mmo/logic.meta ce7497a6992c68b4fc005e9b0311963fcfc5355eddcf04f393f6eb3c0698b0a2
apps/Cocos/assets/src/kits/mmo/logic/MmoCharacterSelectLogic.ts ca2baf53d13d7afc0a416d6fbefed486e094fdf000981d8aeb10d06fab6218fa
apps/Cocos/assets/src/kits/mmo/logic/MmoCharacterSelectLogic.ts.meta 1b5eb254b7d21b9badd4392f788a9baa0a2afd76d57abf48e0dbec39ce68f5de
apps/Cocos/assets/src/kits/mmo/logic/mmoRuntime.ts 1d4949a929c4d124b7dd480a9973160cfa331475d55a03b115d23a13a9cce9c4
apps/Cocos/assets/src/kits/mmo/logic/mmoRuntime.ts.meta ff1e8e05efb172c53d47e2eb933970bbccbae7e32d160559ed9883b942186885
apps/Cocos/assets/src/kits/mmo/view.meta 6b163561d99d70c23ce68ee97d40a7a849e1547542cc42b660945235f31aea55
apps/Cocos/assets/src/kits/mmo/view/MmoCharacterSelectView.ts c8d6469275fc30dadf9489bdd28a8aa509561add88dda035990070e47448138e
apps/Cocos/assets/src/kits/mmo/view/MmoCharacterSelectView.ts.meta c882d6ad4df99a1f398885e81b75574a51818f1a23a035de7bd89b7f1b403067
apps/Cocos/assets/src/kits/mmo/view/MmoCharacterSelectView.view.json b65f582b1e037009f8a45cc9790f2331b4bbf6b6c2740a87e4aabd553af8c203
apps/Cocos/assets/src/kits/mmo/view/MmoCharacterSelectView.view.json.meta 2be7aaaff0525601410fd57ebb6e314a2375f30ce89643b256aec4914ce77df6
apps/Cocos/assets/src/logic/rooms/mmoWorld.meta 7321d87250ce83a9821c69690285b4fc3bb9990ea0c6a25dfdb63187aac94b18
apps/Cocos/assets/src/logic/rooms/mmoWorld/MmoWorldGameplay.ts 4afea85b389492afd7dc8be46d7cf27fca4c91bf3ac613fa8664b36754bc8f62
apps/Cocos/assets/src/logic/rooms/mmoWorld/MmoWorldGameplay.ts.meta 94a302a2372119b9e96b069e7d78c1789ce85224f218435a27c3e4b5f8801810
apps/Cocos/assets/src/net/rooms/MmoWorldRoom.ts c348b0497af8ffe0ee6540ccd687e007004a52fa86040bcd329bf89fe1f32195
apps/Cocos/assets/src/net/rooms/MmoWorldRoom.ts.meta 8dee4053dddf31e0f7f664ad54149c43d040c6ed589c89772bba406144b72d61
apps/Cocos/assets/src/view/rooms/mmoWorld.meta a1a522b5bc717200e9e84c83960e36cb38266ef776922e406c996af07cf92204
apps/Cocos/assets/src/view/rooms/mmoWorld/MmoWorldView.ts 46e0a34651d88d2123cfc558a669d6327e66f885ec510074845ae949536b5fe8
apps/Cocos/assets/src/view/rooms/mmoWorld/MmoWorldView.ts.meta c1db5b1e0d7acc9f984fb6f574b91888cadaec1621fc975aebabc47957298b5c
apps/Cocos/assets/src/view/rooms/mmoWorld/MmoWorldView.view.json 3083677b6995e5514e4f6d4d11042cb41bd059ef47a9b6c1ae3776d51927f196
apps/Cocos/assets/src/view/rooms/mmoWorld/MmoWorldView.view.json.meta eca7c4d3dd22f412b30e79aa50e1920a5668cef4f43db0214a927631275f28e2
apps/client/src/gameplay/modes/mmoWorld/index.ts 3d8a37e2459e3631b9bdfe7c629f6fb30dca46486e08a86e0deaf4fea24d80ea
apps/client/src/kits/mmo/api/characters/index.ts 7374d784960f076cc2e673a59529d9fdf745f2d76c4add58f37c20eaf255ed3e
apps/client/src/kits/mmo/api/combat/index.ts a27aab18ef09f505be190220ab66b1e30ea20d29ed58cfb18cc21729a6063d5f
apps/client/src/kits/mmo/api/content/index.ts 27fd0b97a087bb8b09f3aeb6564a2c5e98a4e64abef984d170d2e980a9d80b10
apps/client/src/kits/mmo/api/inventory/index.ts ec4ceb24ba5cb68a3f999906a1e51fbff36e6cce1857a81a8752f0e0f4a7495d
apps/client/src/kits/mmo/api/movement/index.ts 7a4d7096f963d46fd387e198aeae8857fdea349843278e8ddfdd2f262b854804
apps/client/src/kits/mmo/api/social/index.ts 8022c166a0f65ff03602759ab0e41c941f9a018f8d3ff252cf108c18c26700f0
apps/client/src/kits/mmo/api/world/index.ts 4ad0f5821ac5ead80cda3d1dd6b8802705c72c7e7060739b48ed8a9fe1c4e75f
apps/client/src/kits/mmo/index.ts bd015aeb2f83df790632c81e48e98ad4da9c9625f30a64bc3318c9d45f4aab35
apps/client/src/kits/mmo/logic/MmoCharacterSelectLogic.ts ca2baf53d13d7afc0a416d6fbefed486e094fdf000981d8aeb10d06fab6218fa
apps/client/src/kits/mmo/logic/mmoRuntime.ts 1d4949a929c4d124b7dd480a9973160cfa331475d55a03b115d23a13a9cce9c4
apps/client/src/kits/mmo/view/MmoCharacterSelectView.ts c8d6469275fc30dadf9489bdd28a8aa509561add88dda035990070e47448138e
apps/client/src/kits/mmo/view/MmoCharacterSelectView.view.json b65f582b1e037009f8a45cc9790f2331b4bbf6b6c2740a87e4aabd553af8c203
apps/client/src/logic/rooms/mmoWorld/MmoWorldGameplay.ts 4afea85b389492afd7dc8be46d7cf27fca4c91bf3ac613fa8664b36754bc8f62
apps/client/src/net/rooms/MmoWorldRoom.ts c348b0497af8ffe0ee6540ccd687e007004a52fa86040bcd329bf89fe1f32195
apps/client/src/view/rooms/mmoWorld/MmoWorldView.ts 46e0a34651d88d2123cfc558a669d6327e66f885ec510074845ae949536b5fe8
apps/client/src/view/rooms/mmoWorld/MmoWorldView.view.json 3083677b6995e5514e4f6d4d11042cb41bd059ef47a9b6c1ae3776d51927f196
apps/client/test/mmo-character-select-logic.test.ts 857c8f40fb3e83a3113c58f0f89b45991d3f020a952c6d230240dc8371784a13
apps/client/test/mmo-combat.test.ts 780f32b5ce2dd525afd5ca526f3ae5d0ef65643e94fec2e6b5550621fe0f519e
apps/client/test/mmo-content.test.ts 59232000f2ddb5fb18cc0b4f76a7a211ab44e0a2170cddb768b0e070b6761a41
apps/client/test/mmo-movement-predictor.test.ts 5ffcd6a7c91be213aa2f6ec4aaae6c5c5e373e9df074bd70b4d9cf1e2770e3dd
apps/client/test/mmo-social.test.ts f246408e8c2875d9612f87736b21ce05f703a9176283fdb1b068feec6e00c8ab
apps/client/test/mmoWorld-gameplay.test.ts 05d46e4978629acb86b93e3cc3f940dc7a1d5b6b813ebc6d1de0e7d5971e2559
apps/kits/mmo/README.md e13047822909233f899376d750824b791bba22a1612022ee5a84de5abbc0a841
apps/kits/mmo/api-freeze.json bc8a89af6e4418b22f0b2457b61e4b54e0533a4369cf3fa3caaa617c35ab9011
apps/kits/mmo/gameplays/mmoWorld/manifest.json c91dd63bd09edd6efd25fe919b614d048797a23ceb42717a398674dd4e8ec11e
apps/kits/mmo/gameplays/mmoWorld/state.json c7b72a80382a84b266a9139f4b32011e507b0a750d14fc621887ae4fd5373379
apps/kits/mmo/kit.json e9b8994f26bc95262607287949d5fbf996638786ca672d2c0c72d57c9dde92a7
apps/kits/mmo/sql/001-characters.sql f6330ffe72e3ff2feeb999150be84ced34f337ab7896188e9ae9558b791665a5
apps/kits/mmo/sql/002-items.sql 9199d268295d03c61ef0c2099b7929f3843d109cbfe02c7d217f8761c801e17a
apps/kits/mmo/sql/003-world.sql 694a4c2279d1fa348087c6d3e55b31eddb77015d73645c3fa9ee8eb1f7315f03
apps/kits/mmo/sql/004-character-checkpoint-instance-rev.sql 3dc49c8499b3fbb6ded7951ec140be8337d9ee988bdb2d85fe1f628890c3be55
apps/server/src/core/compute/tasks/kits/mmo/pathfind.ts 99fb33499bb6e2bdfd2fa03da37e63ce8da5eb0d2170cfe3bb3fd0e8bc6be624
apps/server/src/kits/mmo/ai/scheduler.ts ce18e8440304ba4d4d32251338d7391c19aea29565a1c4d89a4282d95f5da362
apps/server/src/kits/mmo/aoi/grid.ts b96628388ef7676e811e39265153961810bc4484621c42769d378829caf49ad5
apps/server/src/kits/mmo/aoi/visibility.ts 00852004c5bfc631a92824a0ff4a46de3a32d8e1e1a09c52fa1ff556f254d159
apps/server/src/kits/mmo/api/ai/index.ts aecf70258a1d789343f2735de0a3bb648da47e0afd7cd4f08913cf33a79e1af8
apps/server/src/kits/mmo/api/characters/index.ts fc566b9b9f7a03a98494413ca2467a5e736f530ec476061ba78644401f01bd5a
apps/server/src/kits/mmo/api/content/index.ts 8eff5704466073c7f666076b35d7c34c92dcc113fb18d5970b48629bd676c090
apps/server/src/kits/mmo/api/inventory/index.ts a7d7ed37f8b94c277eeb60d19e222b665ec135674a01b67d493cb651aede84d6
apps/server/src/kits/mmo/api/movement/index.ts 634ce553069466b5e23c25fc1ed419093fd2f6e928069489c9b3040ff5f58050
apps/server/src/kits/mmo/api/orchestration/index.ts 4d3f2eafcc2a0a5fe238d2bc833ccf9e3a84dc2d633f7c17383c6a14675e58c6
apps/server/src/kits/mmo/api/social/index.ts ef3f9eb157f25ac78e2d2abdb313fed1cc842e86f830b9cff2b2bf8f3da9257a
apps/server/src/kits/mmo/api/world/index.ts e2da9ad1e62b1009824521f1462af726f4f7bb56e5268f716bb2cb0b7374758f
apps/server/src/kits/mmo/content/registry.ts 17f0ecce4ce3949708810029f51beea67655aa08e81d365ac8f1af5db95a3527
apps/server/src/kits/mmo/host.ts 430edaddc5ff54bf95b3dfb51b9e0c0a5bf61ac2e49c1fecb7e20ef6c331aee4
apps/server/src/kits/mmo/orchestration/registry.ts 6195f6564f1223de708944928f9f23cbdbfa3f29339545aaba88342dc1146944
apps/server/src/kits/mmo/orchestration/runner.ts b9b82f6955a70ad64cffd290cb3b20fded5d915361e226d5001d38a696d783b6
apps/server/src/kits/mmo/persistence/characters.ts a31726bf8c1813c820e4751fcb8e27098e1d4280f3eb5e47514878a83ba86935
apps/server/src/kits/mmo/persistence/checkpoint.ts 456d5797a98954b2a280ea16262d8bba62f2f5aae755364240388210601b196a
apps/server/src/kits/mmo/persistence/instances.ts b6236efbfe5dc974e39dab3bf44c574e68a363ed348c4eb5bf397a2d85291e30
apps/server/src/kits/mmo/persistence/items.ts 28c6257d3fa1b9e8bc465803faa068eade1f47b81086d4d781157b754eabc0d5
apps/server/src/kits/mmo/workers/worldEvents.ts b162c4bb772efcc356da9602f7cbd3d5b9e3bd1e7c72a3ae7bab8413f28d24cd
apps/server/src/rooms/modes/mmoWorld/index.ts 42ac2b870915293ead7702a12ff140b62464fc5e1de81d5d7d321c781239a96c
apps/server/src/websocket/mmo/bag.ts abdda5bbe26406d812d403005d5151559336f98608a823f863fff03eeab17aff
apps/server/src/websocket/mmo/characters.ts cef2ff9683b8425f961ce094630cac5c8fcaf06df75991553466c7598fc39f59
apps/server/src/websocket/mmo/createCharacter.ts eb592cca272be0bdd7e1feae4e89a8214f6bee15dbb5b9f829a1e8b395e51e95
apps/server/src/websocket/mmo/moveItem.ts 215e349bb8dbd222648805a4bdc7196636827eb1faef80eaa63d8d006d8b322f
apps/server/src/websocket/mmoSocial/partyLocate.ts 9112d09e259e6b414a47a6fed042d96d382290339612931cd4d73bb6eaae4778
apps/server/test/int/mmo-checkpoint.test.ts 05985ef2c283c8780987849041c54f8a34b129dd135b5ad9c06943b6a6f36649
apps/server/test/int/mmo-inventory.test.ts bf9b0ec58a9316b1e4c436a7c6a2dd1137049191d606aed131974a2b951109ba
apps/server/test/int/mmo-loot.test.ts e2ea825dfd8e891dbcbac34f2ebb17a00e1f77873aea6d338ef3d52e44a49f02
apps/server/test/int/mmo-social.test.ts 24c9780e9719d65c9f952082ba4c1c6d907d84f0c50af2a776c75f86c3d89b2b
apps/server/test/int/mmo-transfer.test.ts 242917eac4e966fa9895407a1a53f5507daa4deba01fda4ed95db9a36b8a1636
apps/server/test/int/mmo-world.test.ts 7cbf7f187424ab60c6767bec22d68b5e7ac13730ac79e34063d307df1866ac41
apps/server/test/lobbyRpcVectors/mmo.ts 8ff29a2707ca4f4066488aff10c5742ba7aebeb21b237d2b2cfa53ff304d3ca4
apps/server/test/lobbyRpcVectors/mmoSocial.ts f2b854b7a779ab0ebca8b37ef53397f08550eede570fab9f17dd387c2e701ae6
apps/server/test/mmo-ai.test.ts d91f084f8410e473f8328f71793cc3ed9e4e07487cfe7878fe2a5d7772f71ffb
apps/server/test/mmo-aoi.test.ts 463a20302fa8a1b6d53bfe61bc2c76dbcd64c8d933dc3674c46f9e9f0cae4b4b
apps/server/test/mmo-api-freeze.test.ts 53df0058abbb09794c63509904c8a4472ef0d1575bfb48cb3b0dbe64aa0de16f
apps/server/test/mmo-characters.test.ts 2a6efd0741f9b51564cb2dbfb53384614d96103928a63ea9bb39f475fef14e9b
apps/server/test/mmo-combat.test.ts 6648a395125a850336e302391f8eacc056224e117745316dbfdec3da719fdb43
apps/server/test/mmo-contributions.test.ts 5112738c8da8d64c0aa3add570a1a5237bb588e75d4db534220fd6007b696032
apps/server/test/mmo-inventory-fixture.ts c0edc01631ea8797cbbe70fec280e6dbbeba64ed40c7056223ef469d298e56ce
apps/server/test/mmo-inventory.test.ts ac7c31013999cb5ff1d2a71dddf7f07680716aef1f815b84a4099e967803db47
apps/server/test/mmo-loot.test.ts ff581d32efa0165cb25dc2f042fb75c1abac68ee4e12aefefc58947cf1a0cc5d
apps/server/test/mmo-movement.test.ts 5943cf1c14350d532cf4e5a40448304eaa173b970cbb724dff8d7ceadc89d9e1
apps/server/test/mmo-orchestration-boundary.test.ts 3280d806a0e155511e86952bb9f36bee4c88d1f951dcc0d0e6244d110a268d6e
apps/server/test/mmo-orchestration.test.ts a238858efcc61b671d0b3c9dc3c3ba2a8375681533fb16788e465c0577a04148
apps/server/test/mmo-persistence.test.ts d5ca3a033a45d26d8b53698ba8160897aa872d3df435c455754f6a94c4483e65
apps/server/test/mmo-shared.test.ts 567282a3a89902b3c868975a3b1c1c1a3e81dfd44822daab2a80e82c4e22573b
apps/server/test/mmo-social.test.ts e71ee7c3f1ec89dd3e6365c2c34fc6391fc80e1d0fca01722a961bf463ca341f
apps/server/test/mmo-sql.test.ts d9360dd18001c15d8bc051fadaf5e20a3b0107d973ac49ad5bd600b0225eb210
apps/server/test/mmo-worker.test.ts aa7e850ae7c1f669e379a1e50415dea6087907f1604dce3da8448475c571113d
apps/server/test/mmoWorld-mode.test.ts 06b773ee133198f2f2f3c2280f1634daf7bcb27d22a92048c70b1322dcf92630
apps/server/test/wire-vectors/mmoWorld.ts cf2779bb550c152ee400cfa4aa7d69ba773dba67aa9a4e3def6531364df15a2f
apps/shared/src/gameplays/mmoWorld/wire.ts 64c3a0f7c67a58d53383130cb126f6dafca86ef15a9135681a978051cdb780f5
apps/shared/src/kits/mmo/api/ai/index.ts fc57e2986bdfdb08ae43fdd54181e2284faeedbaa3537568b8aa96346ad46d68
apps/shared/src/kits/mmo/api/ai/nav.ts 4d502a8a528228c479caa2a7adf973274d240a51eba5fb980a158d8af65e8be8
apps/shared/src/kits/mmo/api/characters/index.ts 8028fc20ba666d360cc8557ff512ecac3fb10429dfe34a27a8b0d7bddca3832f
apps/shared/src/kits/mmo/api/combat/index.ts a374cc6cd364698f0983445e53fdc825c45825ec8bb08faaaa5fe919751c5aac
apps/shared/src/kits/mmo/api/content/index.ts b73d608cd43db3d47edb6c1dde1ad9942a1e6398f130726b0f5a10c1dca98d98
apps/shared/src/kits/mmo/api/inventory/index.ts 46448734b9c21c89a7c5ecd8552564419f005184118b2a0b958a1fc864298769
apps/shared/src/kits/mmo/api/movement/index.ts 6dd430d77ae3d437ad3b7f5ac416427f7ada9d313c090e2c678fa006e4de2ab2
apps/shared/src/kits/mmo/api/orchestration/index.ts faaba8bbf8274800dedc28024a75a708b2917c1bc27f6f5ba7bf56efc0d07bc5
apps/shared/src/kits/mmo/api/social/index.ts 52f922ed5cd565f3e0fc1d46902e17781701a6472f75ad329a820c10dd3fc506
apps/shared/src/kits/mmo/api/world/index.ts 6a3e195a15ffb3e112ba8f8df138259340769199d07d594ba2a8d3f056254e5d
apps/shared/src/kits/mmo/content/greybox.ts 8cdf6236dc062182b360f6c781d0ed500502223e3203d1000eeb05c1fc47dda4
apps/shared/src/protocol/lobbyRpc/domains/mmo.ts 4afe37decf5d1f1f4ba4a6e978706d023130bc65df47bd9e106ee4643bd61837
apps/shared/src/protocol/lobbyRpc/domains/mmoSocial.ts 91454d69481cbebbf617b63d9239ef70ec2a70d3f4ae38069880eed71bd56056
