# scripts/packages/mmo.lock —— 已安装 kit mmo@0.1.0 的登记与文件清单锁。Do not edit by hand.
# writer: npm --workspace @game/server run plugin -- install ；checker: apps/server/test/plugin-lock.test.ts（随 verify:all）与 plugin -- check
# manifest {"class":"kit","id":"mmo","version":"0.1.0","kinds":["client","gameplay","server"],"constantName":null,"modes":[{"id":"mmoWorld","constantName":"MmoWorld"}],"api":{"characters":{"version":1,"minSupported":1},"world":{"version":1,"minSupported":1},"content":{"version":1,"minSupported":1}},"workers":[{"id":"worldEvents","entry":"apps/server/src/kits/mmo/workers/worldEvents.ts"}],"domains":["mmo"],"fguiPackages":[]}
# source {"kind":"package","filesLockSha256":"7b401c862f3d3ca0de09d8bed80cc781ec15d44bd38f05bcb300682384e7a2f1"}
apps/Cocos/assets/src/gameplay/modes/mmoWorld.meta f5b88a690d0698fb3a843d13752ded440adfb5af1803ff67e0350b7eba5c0f0d
apps/Cocos/assets/src/gameplay/modes/mmoWorld/index.ts 20a902a69da09e5aa8bafd86224ca4e37d03c85be0cec47feae7551e6326941c
apps/Cocos/assets/src/gameplay/modes/mmoWorld/index.ts.meta 1bf10761ba8dcf62468c911ab433c9fffdf455b2952cb4729554668059a91b02
apps/Cocos/assets/src/kits/mmo.meta 3ee84677f432091cfe8814e606b1f0ef60ec15d3b40407a0bfcb1c4452f99e3d
apps/Cocos/assets/src/kits/mmo/api.meta 9648bae40fd7410738a64a9b034d3b4373ab339b44e774d1ca1755fd5c50e5bf
apps/Cocos/assets/src/kits/mmo/api/characters.meta 27da8ff6dc8ab7f65de77fa4dcfa52428f1fa9ce8430c2f6b0835ff8b4c933b4
apps/Cocos/assets/src/kits/mmo/api/characters/index.ts 7374d784960f076cc2e673a59529d9fdf745f2d76c4add58f37c20eaf255ed3e
apps/Cocos/assets/src/kits/mmo/api/characters/index.ts.meta 463557ce09cde8a632ad5620858ecf8032f6d26aa85dc07eb27e5abcf654834e
apps/Cocos/assets/src/kits/mmo/api/content.meta 0faf8b941c3261761b21782dd67ca035306f1504fd0f53a851a7bf7bd365845e
apps/Cocos/assets/src/kits/mmo/api/content/index.ts 624cb01ee823d35cc03036ea58a18effdaf2bca273082449f58cbc2abce49361
apps/Cocos/assets/src/kits/mmo/api/content/index.ts.meta 705187c5efa49f759a9eb4c8409fab633a3672ae28152f7860441c7aea68164e
apps/Cocos/assets/src/kits/mmo/api/world.meta f28d4b124562b4d56457446c270c4e50efdb9918553033f839e7980e80ee555b
apps/Cocos/assets/src/kits/mmo/api/world/index.ts f9097a6767f3dad81df12bce2186ca2c65f9448fa9207b4d3dc5235ae3083162
apps/Cocos/assets/src/kits/mmo/api/world/index.ts.meta 32177a78ef831f2fab1be42296eb7fb04bc7632eaefdb2781ac7d79b37b37c33
apps/Cocos/assets/src/kits/mmo/index.ts 1e89ef70d42d45e7c7996affc6f459129e3e416397571718e570fc365423ebcd
apps/Cocos/assets/src/kits/mmo/index.ts.meta 19419fc6047e441069ea6d262bf588a54a7f2bf546fbf438ba0568b5f0147cd1
apps/Cocos/assets/src/kits/mmo/logic.meta ce7497a6992c68b4fc005e9b0311963fcfc5355eddcf04f393f6eb3c0698b0a2
apps/Cocos/assets/src/kits/mmo/logic/MmoCharacterSelectLogic.ts e65bd7528866a6658f30856d39134479fa444bdb9f575e3fb3275b99c81ca66e
apps/Cocos/assets/src/kits/mmo/logic/MmoCharacterSelectLogic.ts.meta 1b5eb254b7d21b9badd4392f788a9baa0a2afd76d57abf48e0dbec39ce68f5de
apps/Cocos/assets/src/kits/mmo/logic/mmoRuntime.ts ae2bb4b94eb700eea08baab0aa5862205e185e781ff0962b76869c5a93503546
apps/Cocos/assets/src/kits/mmo/logic/mmoRuntime.ts.meta ff1e8e05efb172c53d47e2eb933970bbccbae7e32d160559ed9883b942186885
apps/Cocos/assets/src/kits/mmo/view.meta 6b163561d99d70c23ce68ee97d40a7a849e1547542cc42b660945235f31aea55
apps/Cocos/assets/src/kits/mmo/view/MmoCharacterSelectView.ts c8d6469275fc30dadf9489bdd28a8aa509561add88dda035990070e47448138e
apps/Cocos/assets/src/kits/mmo/view/MmoCharacterSelectView.ts.meta c882d6ad4df99a1f398885e81b75574a51818f1a23a035de7bd89b7f1b403067
apps/Cocos/assets/src/kits/mmo/view/MmoCharacterSelectView.view.json b65f582b1e037009f8a45cc9790f2331b4bbf6b6c2740a87e4aabd553af8c203
apps/Cocos/assets/src/kits/mmo/view/MmoCharacterSelectView.view.json.meta 9174ae5def3a15f93a64971bfe2ec424a9aa15f4d470b0bf9bd8adff28c7a8ea
apps/Cocos/assets/src/logic/rooms/mmoWorld.meta 7321d87250ce83a9821c69690285b4fc3bb9990ea0c6a25dfdb63187aac94b18
apps/Cocos/assets/src/logic/rooms/mmoWorld/MmoWorldGameplay.ts c9d1a2f1a9443825062c098694f9a5f56e641f3e9582be4bcba2ef651a6199d5
apps/Cocos/assets/src/logic/rooms/mmoWorld/MmoWorldGameplay.ts.meta 94a302a2372119b9e96b069e7d78c1789ce85224f218435a27c3e4b5f8801810
apps/Cocos/assets/src/net/rooms/MmoWorldRoom.ts 52f994ba7226b84435e848ca17fc9551ccc574cc139ab57bb64f28077fbdf454
apps/Cocos/assets/src/net/rooms/MmoWorldRoom.ts.meta 8dee4053dddf31e0f7f664ad54149c43d040c6ed589c89772bba406144b72d61
apps/Cocos/assets/src/view/rooms/mmoWorld.meta a1a522b5bc717200e9e84c83960e36cb38266ef776922e406c996af07cf92204
apps/Cocos/assets/src/view/rooms/mmoWorld/MmoWorldView.ts 0bde55bc027da0a74a6238c350e8b2beec3f7d2c386d6e88d1f7f785e97fd12b
apps/Cocos/assets/src/view/rooms/mmoWorld/MmoWorldView.ts.meta c1db5b1e0d7acc9f984fb6f574b91888cadaec1621fc975aebabc47957298b5c
apps/Cocos/assets/src/view/rooms/mmoWorld/MmoWorldView.view.json 3083677b6995e5514e4f6d4d11042cb41bd059ef47a9b6c1ae3776d51927f196
apps/Cocos/assets/src/view/rooms/mmoWorld/MmoWorldView.view.json.meta 4ab789028a172a2251fb25c66358c068bbfb50aa9cbcd100624606d9a7dfef64
apps/client/src/gameplay/modes/mmoWorld/index.ts 20a902a69da09e5aa8bafd86224ca4e37d03c85be0cec47feae7551e6326941c
apps/client/src/kits/mmo/api/characters/index.ts 7374d784960f076cc2e673a59529d9fdf745f2d76c4add58f37c20eaf255ed3e
apps/client/src/kits/mmo/api/content/index.ts 624cb01ee823d35cc03036ea58a18effdaf2bca273082449f58cbc2abce49361
apps/client/src/kits/mmo/api/world/index.ts f9097a6767f3dad81df12bce2186ca2c65f9448fa9207b4d3dc5235ae3083162
apps/client/src/kits/mmo/index.ts 1e89ef70d42d45e7c7996affc6f459129e3e416397571718e570fc365423ebcd
apps/client/src/kits/mmo/logic/MmoCharacterSelectLogic.ts e65bd7528866a6658f30856d39134479fa444bdb9f575e3fb3275b99c81ca66e
apps/client/src/kits/mmo/logic/mmoRuntime.ts ae2bb4b94eb700eea08baab0aa5862205e185e781ff0962b76869c5a93503546
apps/client/src/kits/mmo/view/MmoCharacterSelectView.ts c8d6469275fc30dadf9489bdd28a8aa509561add88dda035990070e47448138e
apps/client/src/kits/mmo/view/MmoCharacterSelectView.view.json b65f582b1e037009f8a45cc9790f2331b4bbf6b6c2740a87e4aabd553af8c203
apps/client/src/logic/rooms/mmoWorld/MmoWorldGameplay.ts c9d1a2f1a9443825062c098694f9a5f56e641f3e9582be4bcba2ef651a6199d5
apps/client/src/net/rooms/MmoWorldRoom.ts 52f994ba7226b84435e848ca17fc9551ccc574cc139ab57bb64f28077fbdf454
apps/client/src/view/rooms/mmoWorld/MmoWorldView.ts 0bde55bc027da0a74a6238c350e8b2beec3f7d2c386d6e88d1f7f785e97fd12b
apps/client/src/view/rooms/mmoWorld/MmoWorldView.view.json 3083677b6995e5514e4f6d4d11042cb41bd059ef47a9b6c1ae3776d51927f196
apps/client/test/mmo-character-select-logic.test.ts db505c2196722d112ff7cfa808761cfdd0847cfee50da75bcc40931bcf7eb370
apps/client/test/mmoWorld-gameplay.test.ts 9998059d815b3aeefa7f21a7fe1fcce14b6072d21ab9d3524d9b2b243619a0d1
apps/kits/mmo/README.md d50bf8197b3e827cf04cbd2898922aa19bb6c0a98950754794b6152bafe11e33
apps/kits/mmo/gameplays/mmoWorld/manifest.json 0366a164aa5c9f6fe48a0965eb510253b31a89d986669410edadfd0ac3e86d58
apps/kits/mmo/gameplays/mmoWorld/state.json c7b72a80382a84b266a9139f4b32011e507b0a750d14fc621887ae4fd5373379
apps/kits/mmo/kit.json 5702746b4792667fcb8dc25ae83e0ba9e4657c90af3b8356e53b7db0180a0de0
apps/kits/mmo/sql/001-characters.sql f6330ffe72e3ff2feeb999150be84ced34f337ab7896188e9ae9558b791665a5
apps/kits/mmo/sql/002-items.sql 9199d268295d03c61ef0c2099b7929f3843d109cbfe02c7d217f8761c801e17a
apps/kits/mmo/sql/003-world.sql 694a4c2279d1fa348087c6d3e55b31eddb77015d73645c3fa9ee8eb1f7315f03
apps/server/src/kits/mmo/api/characters/index.ts fc566b9b9f7a03a98494413ca2467a5e736f530ec476061ba78644401f01bd5a
apps/server/src/kits/mmo/api/content/index.ts 908bbb1ca529622e5e7f8e8a568e0e2583b76912a400d73efc2f99c1a2b0dbf9
apps/server/src/kits/mmo/api/world/index.ts e2da9ad1e62b1009824521f1462af726f4f7bb56e5268f716bb2cb0b7374758f
apps/server/src/kits/mmo/content/registry.ts c7ce71f3c532e7efc7d3b6076292160dd822712b2b9f09234f0cfb9a9f83bd75
apps/server/src/kits/mmo/host.ts 0806e76b43312dbc357eeab1fbd6109e813ec6afa3a511387f2cff0c21d66f3c
apps/server/src/kits/mmo/persistence/characters.ts a31726bf8c1813c820e4751fcb8e27098e1d4280f3eb5e47514878a83ba86935
apps/server/src/kits/mmo/persistence/instances.ts b6236efbfe5dc974e39dab3bf44c574e68a363ed348c4eb5bf397a2d85291e30
apps/server/src/kits/mmo/workers/worldEvents.ts f53ec2c7e899676b57cedc9366ee04937d0f7758f378ac87dce094fd33f5c4cc
apps/server/src/rooms/modes/mmoWorld/checkpoint.ts 438e56ae4b91382512d9954b676a2bff1bd8de2d1dd48e264fd7bda886ce5131
apps/server/src/rooms/modes/mmoWorld/index.ts ac705281a22e58773bf90cd0289111fcd4e84052a6025b574c41d32c2ca266aa
apps/server/src/websocket/mmo/characters.ts cef2ff9683b8425f961ce094630cac5c8fcaf06df75991553466c7598fc39f59
apps/server/src/websocket/mmo/createCharacter.ts eb592cca272be0bdd7e1feae4e89a8214f6bee15dbb5b9f829a1e8b395e51e95
apps/server/test/int/mmo-world.test.ts d41dee8ee8c30d0ac0ac25135c492bfc85afde9191f32528df451a3cc1fcb77d
apps/server/test/lobbyRpcVectors/mmo.ts bdb2bfa77729bf224a3c3d72b53f767e20b36865ab4caf66db51476c7ea9b83f
apps/server/test/mmo-characters.test.ts 2a6efd0741f9b51564cb2dbfb53384614d96103928a63ea9bb39f475fef14e9b
apps/server/test/mmo-shared.test.ts 1e47f48a7783c14f08dc8ea7272806659c5fd7fc40c34b29eda419666cc4a9ad
apps/server/test/mmo-sql.test.ts 988087a55d3e540d826534d502a1230aa8643bfc9124a5103c73b305d7a25e5a
apps/server/test/mmo-worker.test.ts 5ed8866cf8127fbb55add4afc64d809c99eed30865b32b9679876428af31fa7d
apps/server/test/mmoWorld-mode.test.ts c2535f1c90c2fae86e9dcaff0450dd5c78c6a416896f7769427814e7cc1a3629
apps/server/test/wire-vectors/mmoWorld.ts cf2779bb550c152ee400cfa4aa7d69ba773dba67aa9a4e3def6531364df15a2f
apps/shared/src/gameplays/mmoWorld/wire.ts 6d53261e3c070d0ed6778d5c7cd624fc772e70f205ddc12d267de0aceca86b89
apps/shared/src/kits/mmo/api/characters/index.ts 8028fc20ba666d360cc8557ff512ecac3fb10429dfe34a27a8b0d7bddca3832f
apps/shared/src/kits/mmo/api/content/index.ts b7a1491b15a138ad471eb35ae2a2416f12233be04395d390eb502ba896b3970c
apps/shared/src/kits/mmo/api/world/index.ts be95097414e9f80bad55563b09cd06e3301d903c5c947c2c3fd2ebcfd224c501
apps/shared/src/kits/mmo/content/greybox.ts fb1329f1a4636a09b34032d2d2852d560125254d6fd0ab5ec7a7da9be688975f
apps/shared/src/protocol/lobbyRpc/domains/mmo.ts 72d63843565a8bcc9feda45088102a2a6d711416c6b643e6917cef114a58a9f3
