# scripts/packages/snake.lock —— 已安装插件 snake@1.1.4 的登记与文件清单锁。Do not edit by hand.
# writer: npm --workspace @game/server run plugin -- install ；checker: apps/server/test/plugin-lock.test.ts（随 verify:all）与 plugin -- check
# manifest {"id":"snake","version":"1.1.4","kinds":["client","gameplay"],"constantName":"Snake","domains":["snakeCosmetic"],"fguiPackages":[]}
# source {"kind":"tree","filesLockSha256":"82aeeb2e021923f86c6a4f785cb519ff92dff347081c9f42f513143153aeafc8","forkedFrom":{"kind":"package","filesLockSha256":"ee8abb67f3736bbe97566edabf6497d72c9b2609a6a45be0cd954fb5323eeddb"}}
apps/Cocos/assets/resources/snake.meta 85e68ed472c0da45ebea35950a476a5cb976516eccd675d2b181ce83f3dbf63d
apps/Cocos/assets/resources/snake/previews.meta fd3ada6b751ad55808b6099d569bb617669c68b1a6bb8928f44fa6c245d355a2
apps/Cocos/assets/resources/snake/previews/snake_skin_101_preview.png 4feb052ee2474e59e5da9e038eed03801ff47ff4d017a90b2ec0491aba3ba3c0
apps/Cocos/assets/resources/snake/previews/snake_skin_101_preview.png.meta 45bef2b9e7218dd2c16f34b6f3a30354ce306d2ffa2f88277466225eaa8d8155
apps/Cocos/assets/resources/snake/previews/snake_skin_10_preview.png 0a8069cbf71de70a2f380fcdc535d0b5181bd18f6dd5797dad80cf016047a169
apps/Cocos/assets/resources/snake/previews/snake_skin_10_preview.png.meta 499517f2e2c3df8f38ce52fa593dff9cf64ff81a9831a0a496fd1de1f4d79c62
apps/Cocos/assets/resources/snake/previews/snake_skin_111_preview.png 685bca95a70a3057bc0ff62f0e5d9acc5a642bd0c88074ccfc7c090946e8d192
apps/Cocos/assets/resources/snake/previews/snake_skin_111_preview.png.meta 0f17ff22ca040af76a02736d4a0d001095951d69b2b1738436684a3ea3e5aff5
apps/Cocos/assets/resources/snake/previews/snake_skin_112_preview.png 35f3cd33b40179565122fe78635c980c4b23e963f908c73429591e1428ca8054
apps/Cocos/assets/resources/snake/previews/snake_skin_112_preview.png.meta 7e142f8b291e8bb56addde9962da8a54f1832dbed099d8b679db4fdc4bfeec83
apps/Cocos/assets/resources/snake/previews/snake_skin_11_preview.png 551eb7de7c853dd713a86f5e49596fb09bb261257a8dae4e24b7659e382527b1
apps/Cocos/assets/resources/snake/previews/snake_skin_11_preview.png.meta c3e699deee95490398f3c8907e240b6ac2a4423761896a637a0322a28d71dee8
apps/Cocos/assets/resources/snake/previews/snake_skin_132_preview.png e04ecff8be5988da2ee50869acd473515c455d6148177168b6d73e11cb7b710f
apps/Cocos/assets/resources/snake/previews/snake_skin_132_preview.png.meta 67b49e22a170520a9bd1bfef2362f87ab74243a784d8c631e8431b3bb4a0ea8d
apps/Cocos/assets/resources/snake/previews/snake_skin_133_preview.png b4d01fddff8e9a3b4660d994a429a681ead18396cc9e0efb9eeaeda3ecef80f0
apps/Cocos/assets/resources/snake/previews/snake_skin_133_preview.png.meta b4d08767c207ac699c42f2188d530deb2cdac952b11611f993814eaafad8299b
apps/Cocos/assets/resources/snake/previews/snake_skin_139_preview.png c60f57fc352b0323373fe1855e05289bdfddff7eaab3721f42b9dc43ec1e920b
apps/Cocos/assets/resources/snake/previews/snake_skin_139_preview.png.meta 4822db186b2b91506a1132e0e2327e7b0bf334799c9721aff5301eb02dc0c2fb
apps/Cocos/assets/resources/snake/previews/snake_skin_1_preview.png d904d454c39bc0c2a71487c2417d342b29f046da19f0a9898a0448969e68ccfb
apps/Cocos/assets/resources/snake/previews/snake_skin_1_preview.png.meta 09cb360089db875eca5e5f02193aa7860600a0a1a2f5e3740136c449e165634e
apps/Cocos/assets/resources/snake/previews/snake_skin_2_preview.png 0722a288ce084e6a52638b619e19eeef74090455a1c75e689c23e46a4bde2c26
apps/Cocos/assets/resources/snake/previews/snake_skin_2_preview.png.meta cd4dac635fbf589dcc94d9f58d631fb235c97c9a0cfb59ddc4c04f95e5fd3813
apps/Cocos/assets/resources/snake/previews/snake_skin_3_preview.png 2bbce5efca32dcba92b137bff193c336888e8436990b3a7c38f5b662b712027c
apps/Cocos/assets/resources/snake/previews/snake_skin_3_preview.png.meta 11f64cb826a93a6e46e3c79ac6b2aa2aaa3e19c5679e13e471b8b5af282608e5
apps/Cocos/assets/resources/snake/previews/snake_skin_401_preview.png 7c66be53366603711c548704d3c1d344e3ddb5e7fa40591bcecfd52dda8e1c38
apps/Cocos/assets/resources/snake/previews/snake_skin_401_preview.png.meta 7d338ae1c7362775373f7fbb634792c955c6f086a8d9074a9a22ba28e0251d7f
apps/Cocos/assets/resources/snake/previews/snake_skin_403_preview.png 7ba4fcf8862a34c513d94d0f5d0a9cf4312235403d52d1736461f054b0003483
apps/Cocos/assets/resources/snake/previews/snake_skin_403_preview.png.meta 97fd017c5d9dfb1ebdac326894d05a05ad4516c500ac2d6fc09ae6ccc0ef3737
apps/Cocos/assets/resources/snake/previews/snake_skin_411_preview.png 4c2187d647b1c70750a058d36e73ac9bb394ba1674a0f7fb82539bdf5de98bfa
apps/Cocos/assets/resources/snake/previews/snake_skin_411_preview.png.meta 071ca94c9af71b3b234ca7322d4d1eb4b428ae688d66b30c2ecd4608976230cb
apps/Cocos/assets/resources/snake/previews/snake_skin_4_preview.png bb5f40b5b7263e641f8fc0f02f391a032b57f522c409303fb464c22b53f815ec
apps/Cocos/assets/resources/snake/previews/snake_skin_4_preview.png.meta 027059e2b2e98c3f3b9b60c7d2bb6ef06aa3746ec0f0a74aa083953a19483d8c
apps/Cocos/assets/resources/snake/previews/snake_skin_701_preview.png 71560d94d2b19371107bbb8772c7392ec793e39aa98fbe5cedf89f9e4736d741
apps/Cocos/assets/resources/snake/previews/snake_skin_701_preview.png.meta e806788d1e299a4df80e6af91e6024a003f010049251f6646304eab8110e0fcb
apps/Cocos/assets/resources/snake/snake_btn_blue.png 42ad40c840b88c2112e084167849e8e587403837c038da661264660710ed8d2b
apps/Cocos/assets/resources/snake/snake_btn_blue.png.meta 7e0f157e2c189d2996324a89f5483cd0de655aacb93b31667426884ec2a7224a
apps/Cocos/assets/resources/snake/snake_btn_yellow.png 309ac364d7f62d2cbf90cfcc3fb4f687be23f7fa84b74cce5cad53ace5f8b516
apps/Cocos/assets/resources/snake/snake_btn_yellow.png.meta 1fadb30648e6c6dde4336f45d49f1ecfb07f5b72e678a54d0c8b6e37586c33ca
apps/Cocos/assets/resources/snake/snake_candy.png dba789dfadfaade178b6d154262185d4dde73bf381078b2df83f209d7f4e6680
apps/Cocos/assets/resources/snake/snake_candy.png.meta c84ab25328edb241c8dae9f76872f0b1b3916dbc3613c98c90beebf26c269f2b
apps/Cocos/assets/resources/snake/snake_control_boost.png 4d228fc30b1778ae89e667ad0a69a4f21bac291173c852c4e733fb8945d26576
apps/Cocos/assets/resources/snake/snake_control_boost.png.meta de07592e5acc87bdd95b70f9a5083732e0d85584adef2fcafc36f4b1a92ec388
apps/Cocos/assets/resources/snake/snake_control_joystick_base.png 7c83f5033dbe6705834d1161a0675322df06a00e12b16d1ddeeff074690c0b9a
apps/Cocos/assets/resources/snake/snake_control_joystick_base.png.meta a7aeb7e807fe549d24bed62273994a6f6a318f64e13fe22be7a9e297cd14c86b
apps/Cocos/assets/resources/snake/snake_control_joystick_knob.png 8f671efc2eeabb3418ec7ab2606ef6518a97a80c65fd948e8e577d52fed0e26b
apps/Cocos/assets/resources/snake/snake_control_joystick_knob.png.meta 06d91e4dd31b02d3210277e347867159b8596674f1ba172ab213b6ba7eb6da52
apps/Cocos/assets/resources/snake/snake_extras.png 01c89919e26b4aeea08c5381b26f098aa18ffc4661896c6f7d9d7abd334b9288
apps/Cocos/assets/resources/snake/snake_extras.png.meta 945a55ed95ccd6225327ea31238cf2ea3e2fc8784697be8ae9e2f6d09e144d46
apps/Cocos/assets/resources/snake/snake_food_classic.png 6f17cac75d4b33bef3ebe6029b2fe76bb9ed0d22112dcb26a667d4e2c5e32e67
apps/Cocos/assets/resources/snake/snake_food_classic.png.meta 179ba2c126b62f164a6e03a10448063f1e5b4d9ece04829051b057fcb56706c7
apps/Cocos/assets/resources/snake/snake_foods.png 36d444e74894ac6f9592e07a98551dd28937bcd33a0fb1a0a36def79d2f87571
apps/Cocos/assets/resources/snake/snake_foods.png.meta d5e8c2b7ce5beb81470f811dff44c51c201f5471fbad9724c7db631e9b1d7c09
apps/Cocos/assets/resources/snake/snake_foods_new.png 66db78f30a3b0fcc17f2d0913f2dd782377b3cb904ef9206b47f54dc9c58a4b0
apps/Cocos/assets/resources/snake/snake_foods_new.png.meta 0a432b29f1edb889a741e5c14624a2f6268c7eb76e98cc49c880619d51bf9fae
apps/Cocos/assets/resources/snake/snake_magnet_aura.json 374652df0e9f050206c52522b3d64a61ead96aae48ca2ef815e4e94cd1fbed60
apps/Cocos/assets/resources/snake/snake_magnet_aura.json.meta 9ac198cfbb9fab11c8972574ec7ab26167d7f0f6f8d463bf3748c40312414ad5
apps/Cocos/assets/resources/snake/snake_magnet_aura_x_lighting01.png f86fb2768cc1c9228ca99d7588c01f37c86e1a088e306076bbde05d94c35aa5b
apps/Cocos/assets/resources/snake/snake_magnet_aura_x_lighting01.png.meta d508dce24b61a1d2d11c70f6e8bce4c7560fb7d6b8bece1ff2dedaa848d111a1
apps/Cocos/assets/resources/snake/snake_magnet_aura_x_lighting02.png 8bf1c195d4dfc2bf7ad8db4740a0faaa1743d092ac715f9e562a0bccee2c3194
apps/Cocos/assets/resources/snake/snake_magnet_aura_x_lighting02.png.meta 92ef0a69787684be5727be95309033d80d6f6cd5884567039991228749f9eb29
apps/Cocos/assets/resources/snake/snake_magnet_aura_x_lighting03.png 15331a741d25de8e08ed903f9c88cab46ebad60bc57c40005fc96f839dd5b45d
apps/Cocos/assets/resources/snake/snake_magnet_aura_x_lighting03.png.meta 879019a33731fa4908c8cdb74ddd43705058f12940ee1ff4dc8db5b9b56a8712
apps/Cocos/assets/resources/snake/snake_magnet_aura_xt_s_lighting.png 11b9fdc1983d39bb1a578ded1fa7e4962fae95da44895f40b819f507c1a5425c
apps/Cocos/assets/resources/snake/snake_magnet_aura_xt_s_lighting.png.meta 718e5a5d511b0108f61f322bb1c9d7503e3b7db4ce5e6533e45c0091d1ec8f1c
apps/Cocos/assets/resources/snake/snake_magnet_aura_xt_s_lighting02.png 4e77f9fbd45a66be64f8cd4311e4e761ffdb91e76580e4e8334d582dd7eaebc0
apps/Cocos/assets/resources/snake/snake_magnet_aura_xt_s_lighting02.png.meta f9c886236e80663075df7be936fb14fbd5344b35da165a00bd5bb5eaaf2e476b
apps/Cocos/assets/resources/snake/snake_magnet_tools.png e954359e45836981a574101f7397906da997d07c52498e682b4a1c98b1ee4090
apps/Cocos/assets/resources/snake/snake_magnet_tools.png.meta f9986c4935fb682a6c3a4e63037decea97f956424eeb36e24755f7761e2afb46
apps/Cocos/assets/resources/snake/snake_result_bg.png ae936766d42ce5502a2f2828abf9768763ce9da60418834f17ba5a345f4cbcca
apps/Cocos/assets/resources/snake/snake_result_bg.png.meta 379ac72bb6eeb87a03a6a127cb68aa4ec9b90ef9c8ce59b557041c857d9b444c
apps/Cocos/assets/resources/snake/snake_sfx_button.mp3 00428dcf5dc443a71e4ef0df3f70f886bba5da81194f12be97fa738dfa070dcf
apps/Cocos/assets/resources/snake/snake_sfx_button.mp3.meta c4bb966494354b73f4acd864c77d3d8d721eebe0f5166e3d68ec8a5d0f68c7bb
apps/Cocos/assets/resources/snake/snake_sfx_collect_magnet.mp3 7ca26a88922302ec4492ed31117f57410268109d47645b689318e6138bb5c113
apps/Cocos/assets/resources/snake/snake_sfx_collect_magnet.mp3.meta 16b3ac71ab86be4b2c372488f077eac4f857f877407294793ee384fe4c2ae396
apps/Cocos/assets/resources/snake/snake_sfx_eat_food.mp3 33a86d8e738ea9120d1abd09c1b6234c83e972b09e071c4ecbcd05ba0e575822
apps/Cocos/assets/resources/snake/snake_sfx_eat_food.mp3.meta 8c4a86d64525d381bb3cc1d458194ca332ee172c6387358a29ff256b3002975f
apps/Cocos/assets/resources/snake/snake_sfx_eat_wreck.mp3 b556777b04899444bfee3a68a9829fa646fc46f772b34abad8f19612dc867ea6
apps/Cocos/assets/resources/snake/snake_sfx_eat_wreck.mp3.meta 763081ff89f54f2132cc5c0758a8229eb015ff3680b2616cc12974634711de3f
apps/Cocos/assets/resources/snake/snake_sfx_end.mp3 e7efb684164c4bd63db627eb03131fa743b3e55ce75daa6bce30450788c9406c
apps/Cocos/assets/resources/snake/snake_sfx_end.mp3.meta fec62ec5c34e3559f20790874989692fdd2b9df703e0ac4303da391861a783eb
apps/Cocos/assets/resources/snake/snake_sfx_kill.mp3 41e06994f05a12898dd3dddfdbba11b9fdee783efe4d63c499349d2cfe09d3a0
apps/Cocos/assets/resources/snake/snake_sfx_kill.mp3.meta 959ce65423676003830b403eeb7d8248ecd7f377b67e4d4b4364f04209aa0a2e
apps/Cocos/assets/resources/snake/snake_sfx_time_over.mp3 e687e745fe6d93925eea349ef67857da780379bd086c37f27186b91a3e301a8f
apps/Cocos/assets/resources/snake/snake_sfx_time_over.mp3.meta 7c57ad5eb624dfdc4c06f6cfbe47bdb82226379190520a2aa9f2de10db9445d6
apps/Cocos/assets/resources/snake/snake_skin_01.png 0a5ccf9e5b838353d674b8b8225ae556ed7d5a705acb6094d93f748448829aab
apps/Cocos/assets/resources/snake/snake_skin_01.png.meta 3acbd769a0273bf62033d67b5fbbc83e7bfde2cea838d209082ba91d50cd50b1
apps/Cocos/assets/resources/snake/snake_skin_02.png ab289b3cb4e105cd8b757da2428a1c6e722e02f569be27e94f5a8dbb57576bf9
apps/Cocos/assets/resources/snake/snake_skin_02.png.meta 22efa06551f2ce55eb0abb1c740ce3b8d2f6c23d225071eee84691036967c480
apps/Cocos/assets/resources/snake/snake_skin_03.png e933fbf2321d4f913f6b5d8af84bf5d12d83d15df7daf42c94e1bf180501389b
apps/Cocos/assets/resources/snake/snake_skin_03.png.meta 731dccdf861f3b091872050fc30686b3173a2d7df5581e60a794fd9701f70ab3
apps/Cocos/assets/resources/snake/snake_skin_04.png be275750f2fa11548e97ef390c3afe527e690cfe6ef03ec37bfdf012f2822718
apps/Cocos/assets/resources/snake/snake_skin_04.png.meta 7d7918f1ee48c6bcd7d69462ddd66c588be90e1f072518a5cd543b14bed7b22e
apps/Cocos/assets/resources/snake/snake_skin_10.png d1b0ac5c76c451f749af93ac28d911d4f0ccfcab9dd18d013280c7a366602f7e
apps/Cocos/assets/resources/snake/snake_skin_10.png.meta 963760d821101ace81f3f02374decf5bff005c621990ea79da177e374fc906d7
apps/Cocos/assets/resources/snake/snake_skin_101.png 6fcc926e289b9f6d1f4c6c8d23b4ac1dfc5288d9f4c23ef811b66cb84188fddf
apps/Cocos/assets/resources/snake/snake_skin_101.png.meta e66ccdade35d5a545ebf3d24236105c05a667245aa235755dc5e9e806d799c0a
apps/Cocos/assets/resources/snake/snake_skin_11.png 49fe36223cf02e6d31f3a5be8b19c787a0f12310a5a6f6c91d93cbe24c0a81bf
apps/Cocos/assets/resources/snake/snake_skin_11.png.meta 1e945aaad680507aabb8c99e7f087487205fdcedc11e02553ce66b5c9df5d7bc
apps/Cocos/assets/resources/snake/snake_skin_111.png 44499cc094537e1a83b210de97e34d9456bd39cc587ad584ce4a3aa7f3c745b1
apps/Cocos/assets/resources/snake/snake_skin_111.png.meta be2cb092d563434585c3de8705a8549f910818db6f66cbcab9e3c5331c305381
apps/Cocos/assets/resources/snake/snake_skin_112.png df6b073b29cd8789ce68c8a9853931238cd6d86720bffac461b9ffa1d2a8e618
apps/Cocos/assets/resources/snake/snake_skin_112.png.meta d361b020a72e8bc4efaef952b8afb24444a55e485029b19046b6c08f14924cbf
apps/Cocos/assets/resources/snake/snake_skin_132.png 7b09fc5eb565ab27fc0d4517c8b5231c6d22c3033e3e3a2e57973d236372fba0
apps/Cocos/assets/resources/snake/snake_skin_132.png.meta fabbf386bb86c17fa4f4fcd5883f7257f8f655852c2d82fafda15600c2ea0dad
apps/Cocos/assets/resources/snake/snake_skin_133.png ca79e87ef9fe4d26e49011fdf4985d5ec41619a2c857d2e8d3d6e6fe5f267397
apps/Cocos/assets/resources/snake/snake_skin_133.png.meta 5e31312be1cfa62738c675ce3edef4b64e0e8eb6cfda6b67eae4e9a4afca7f02
apps/Cocos/assets/resources/snake/snake_skin_139.png 87fd6ed02f2f3ef7b730802e0dd4e447e6f69ac689779934df84ea0254805578
apps/Cocos/assets/resources/snake/snake_skin_139.png.meta 281de720036308f97aa867e6c22e39ccfbe124ba22c6ea01289953533c56a688
apps/Cocos/assets/resources/snake/snake_skin_401.png a5d2fe784ce17ce7bb63aea04a5a98a0119a11fa274b7f8fc3da6803219dd991
apps/Cocos/assets/resources/snake/snake_skin_401.png.meta 40760fb09553f411098e8e7a7961cac924d1a10d168cbdaec370ea23c8d801b9
apps/Cocos/assets/resources/snake/snake_skin_403.png 22b5b3d117adae765b46a9bd92ced15af9e518b5ec89a0322159a6563a3e7e9e
apps/Cocos/assets/resources/snake/snake_skin_403.png.meta 8b02c81b2befe9c959042638977dfb1d8329a38ce4dc15085f36e3195ed25959
apps/Cocos/assets/resources/snake/snake_skin_411.png f4bffb4dd21285379367e21759d11c102d7e06b440d8d5099ba7b1b05d0d3111
apps/Cocos/assets/resources/snake/snake_skin_411.png.meta fca27ab51a1aa97aa14c2c2275f103aa6037933826d89ea3893784c438fdcfb9
apps/Cocos/assets/resources/snake/snake_skin_ai.png e7519f28b0fa5da9220ccd933a1a6203cd62a58fb55a5ff42d1282b4c42731ee
apps/Cocos/assets/resources/snake/snake_skin_ai.png.meta 5a41a4a957ead443aa2958acf5c84ddace1851fa62315410c508c3f847557ca0
apps/Cocos/assets/resources/snake/snake_skin_classic_1.png cde58013d1868e9b6e122cd35558c766c6a7c71d68ea759c470ab14629fdf3b7
apps/Cocos/assets/resources/snake/snake_skin_classic_1.png.meta 54f3f410cefc5d9b52a1660e0864902e77a3924343954fd29052c5208461a8aa
apps/Cocos/assets/resources/snake/snake_skin_classic_2.png 76f2b63a9f746f6a791e51f2c2ce36c30ced0fca5e2f993aafc59baf1f3e3c9f
apps/Cocos/assets/resources/snake/snake_skin_classic_2.png.meta 032ff081c66b0fa4cad8c0375dadb2a3140b7caf6240d5504eae15d8b6869c96
apps/Cocos/assets/resources/snake/snake_skin_classic_3.png 68b0ac8b527f3ec8c551739dc3972429091139203eafec7e6b5dac5048a8f32a
apps/Cocos/assets/resources/snake/snake_skin_classic_3.png.meta 989e7e4dfb1897e4ce44f416f098d2af2e332038e5b597e156b7063013a5fda8
apps/Cocos/assets/resources/snake/snake_speed_fx.png 56677edbe061bd252f506aeded7a5b964e0f152ec9de1566d8707e19b396035e
apps/Cocos/assets/resources/snake/snake_speed_fx.png.meta bad81629e01eeefc9ca55bf26ef78c31f5720b957944867730eacb3d370fcd38
apps/Cocos/assets/resources/snake/snake_wall_block_1.png 3e05de6038c643c725ba59782d024959e949f89bf8087b51f3db310bf4703ede
apps/Cocos/assets/resources/snake/snake_wall_block_1.png.meta 76f4df28562a7d6b8511191a1961b2b2317dbc3a68638f27fd5786f123199f9e
apps/Cocos/assets/resources/snake/snake_wall_block_2.png e02ebb01563ab418947b86f131bcb50598bd2446687f51ab022c0b5110ceeaf1
apps/Cocos/assets/resources/snake/snake_wall_block_2.png.meta dfa28768d47afda9e11954e72597382bf84a7e1ac0cc71347101730d4fabfdcc
apps/Cocos/assets/src/gameplay/modes/snake.meta 78a411a1d360a3d3f78e7f3dd8ffe9e6c9b9693219d2ec0835dc1906e955762d
apps/Cocos/assets/src/gameplay/modes/snake/index.ts 739092ca4e91fbc8c57343d5d06d5c9fec272c6c4dbbf6b611b1b084b8fbe17d
apps/Cocos/assets/src/gameplay/modes/snake/index.ts.meta 706270f86337407c87a1ea840d1f46114bf559f0b65afb3fd92f27434d13bf4a
apps/Cocos/assets/src/logic/rooms/snake.meta 63287020c081f9db8e472ba45e027d299b6fe1996f1bad844fb569a62f91a98c
apps/Cocos/assets/src/logic/rooms/snake/SnakeControls.ts cde041f80024227138eb2963897cc884289a55791ca1c20208d5d49767c18795
apps/Cocos/assets/src/logic/rooms/snake/SnakeControls.ts.meta 5387be668774df0a218cd4834dd0d532c15d222be5584b594b77c5dea78039ff
apps/Cocos/assets/src/logic/rooms/snake/SnakeGameplay.ts 4778001ece19572970fee5cff27e40f2ad7bc24f743e12e617cea6cda3da38e4
apps/Cocos/assets/src/logic/rooms/snake/SnakeGameplay.ts.meta ead364986d58c9522a11abd08c312b0ccb73dc10fd8c5c94965cfbaf40d5d9db
apps/Cocos/assets/src/logic/rooms/snake/SnakeHud.ts 98b9b7fcc4533a148c00a1cf2a22038b5cead42302db1e14d26149f569909cc6
apps/Cocos/assets/src/logic/rooms/snake/SnakeHud.ts.meta 8404c942c783901173103ca0f39ef7f68ae5dd803fc1aae43a31670ff0ff7be3
apps/Cocos/assets/src/logic/rooms/snake/SnakePresentationCatalog.ts c8b413c8a12ba84a040638c5c4a7a589f255cffed5ee6a67ed233c3ee6fdf685
apps/Cocos/assets/src/logic/rooms/snake/SnakePresentationCatalog.ts.meta b4a01fe0ab97e08761bf0a2962daaf30937851e21e2080ded0090489157a514e
apps/Cocos/assets/src/logic/rooms/snake/SnakePresentationCatalogData.ts b9ac275ffe0985cb904618f08ac2150440d23ef618b59197c6d81eb601ff4ceb
apps/Cocos/assets/src/logic/rooms/snake/SnakePresentationCatalogData.ts.meta 5e9e02308803661d2e9707da0d94de5a8df145c4a36e21be6236a822358b0ba3
apps/Cocos/assets/src/logic/rooms/snake/SnakeSnapshotBuffer.ts 392743a641c4cefb339a86a950612025a0bb893c75f032a7c9367468120e2b19
apps/Cocos/assets/src/logic/rooms/snake/SnakeSnapshotBuffer.ts.meta 040245600f199b3c4a933e71be45e1978de74bafa91aaf2639424c8f1a67ad88
apps/Cocos/assets/src/net/rooms/SnakeRoom.ts 037acd371d5071ae80067e883bd68ff2b21837620e41a9ebd1580eec0327a94b
apps/Cocos/assets/src/net/rooms/SnakeRoom.ts.meta e6f24339bc4fa1359a7090aca1e60da08c0ee2f5143d51e37efa5ed519d602d9
apps/Cocos/assets/src/plugins/snake.meta 95c711a8131e3ba8bfacbb495c8f3eef6155c29dbed3ce56515f1127aa0ba239
apps/Cocos/assets/src/plugins/snake/index.ts 02ec4f08ac78a05c45cbf47b825099f6a42490b7b4e053e1197dc391f4db3d3d
apps/Cocos/assets/src/plugins/snake/index.ts.meta 4811af715debcdec40d03dfeb1e9adb2db1037ed40acac878ecc82d0b4420444
apps/Cocos/assets/src/plugins/snake/logic.meta 34c166172b5d7d28e179e31f4bb013a578777dbd2263d607af1ff5d46a444931
apps/Cocos/assets/src/plugins/snake/logic/WardrobeLogic.ts 9db2a7455b3f65749d1a3b80244b093a28cd309921ab2a0f47bb6d993c318bcc
apps/Cocos/assets/src/plugins/snake/logic/WardrobeLogic.ts.meta a6d29ee8019acbc90070be53afa8fbac3234a500138a8176d29f22737015ac7c
apps/Cocos/assets/src/plugins/snake/logic/snakeCosmeticRuntime.ts 8bd5c9c85e9460f8ec58f197b2045c6b3b1fd0eaa5a13b8cc37617ce3b34dc54
apps/Cocos/assets/src/plugins/snake/logic/snakeCosmeticRuntime.ts.meta c3a48b95c1723c896c036d0c914810d9f10ddf85980f03b76ff2f5e9c15b1eea
apps/Cocos/assets/src/plugins/snake/view.meta 6ffdf782d1a575b334ced71b7f44d2dca591f48550d40ab35dfedc5b69f84540
apps/Cocos/assets/src/plugins/snake/view/WardrobeView.ts 3c0c6b48ce08f9c1c1c7ecf81f4a33a144b9574e7c2598c346e604e294b04972
apps/Cocos/assets/src/plugins/snake/view/WardrobeView.ts.meta bdc38dd8c04bdaff52c5822a75d68f82497e549e7b4b0f22b322fff5262265bd
apps/Cocos/assets/src/plugins/snake/view/WardrobeView.view.json c63600d621b5b426689d329e39c7da9fa60ef76e2eea726a6809a0e1eb41e1d4
apps/Cocos/assets/src/plugins/snake/view/WardrobeView.view.json.meta 0597d4d3321af4829feed7f982a1b7e58fbdb714145e5888fc83ff2d1b1f60e2
apps/Cocos/assets/src/view/rooms/snake.meta 0a6b5d1c3e8fb679e9251e832b6bcbfbecd5cb2d6f09eba8a09e5e26b5f0b1be
apps/Cocos/assets/src/view/rooms/snake/SnakeFoodMeshRenderer.ts b7b44fae447a5256c01f4441cfc3543d4fef4d9c67e8d9187963834ee7f3113e
apps/Cocos/assets/src/view/rooms/snake/SnakeFoodMeshRenderer.ts.meta 3d19c061e6d4fc4dc36d51596af8de92c32e28a04f879375f18929fccf3ea1e2
apps/Cocos/assets/src/view/rooms/snake/SnakeMagnetAuraRenderer.ts 560ff98dd8f8443740cdeaaea204083f57c980c50443cd957b07d5ce2567294f
apps/Cocos/assets/src/view/rooms/snake/SnakeMagnetAuraRenderer.ts.meta a86aadc05178a37d8caf0e8873cd1fb46def8886e5a0fbbeda39a14978c8202f
apps/Cocos/assets/src/view/rooms/snake/SnakeMeshRenderer.ts 9299319a73f61f4537500b445e5cfc516583a706711d3aa240c15b1e7b8c3f55
apps/Cocos/assets/src/view/rooms/snake/SnakeMeshRenderer.ts.meta 21f92f45ef2c4300ac434b2f432203fe67956fb8240509ba5eea00f0844a9c1b
apps/Cocos/assets/src/view/rooms/snake/SnakeWorldView.ts 8b41fac2e9f17465a51d9d3e92cbb3794dbc15b8b9471b4c58522dbcf6ea1e4e
apps/Cocos/assets/src/view/rooms/snake/SnakeWorldView.ts.meta cc8283f80e9102492c91c66da623e48717ff91c11d8d7278a9e831268bcf37fc
apps/Cocos/assets/src/view/rooms/snake/SnakeWorldView.view.json a696147e7a8b4b3df9f7ca70949bd6c7aba946a9f00d6a31c3b031ff6b2b6b40
apps/Cocos/assets/src/view/rooms/snake/SnakeWorldView.view.json.meta f0b87b863d51ceb4e9ea8cfb0d10852188a6db5b6c7207909ab2a1a1f86d9d21
apps/Cocos/assets/src/view/rooms/snake/snakeQuadMesh.ts 9bc4e15650da2654d246850b61408a4c5d626c25489c51b46b687df29fa121ae
apps/Cocos/assets/src/view/rooms/snake/snakeQuadMesh.ts.meta a8da74de39fa306232f1da2157d1f5958af07d3fb9a55ff03357784ff9ea463c
apps/client/src/gameplay/modes/snake/index.ts 739092ca4e91fbc8c57343d5d06d5c9fec272c6c4dbbf6b611b1b084b8fbe17d
apps/client/src/logic/rooms/snake/SnakeControls.ts cde041f80024227138eb2963897cc884289a55791ca1c20208d5d49767c18795
apps/client/src/logic/rooms/snake/SnakeGameplay.ts 4778001ece19572970fee5cff27e40f2ad7bc24f743e12e617cea6cda3da38e4
apps/client/src/logic/rooms/snake/SnakeHud.ts 98b9b7fcc4533a148c00a1cf2a22038b5cead42302db1e14d26149f569909cc6
apps/client/src/logic/rooms/snake/SnakePresentationCatalog.ts c8b413c8a12ba84a040638c5c4a7a589f255cffed5ee6a67ed233c3ee6fdf685
apps/client/src/logic/rooms/snake/SnakePresentationCatalogData.ts b9ac275ffe0985cb904618f08ac2150440d23ef618b59197c6d81eb601ff4ceb
apps/client/src/logic/rooms/snake/SnakeSnapshotBuffer.ts 392743a641c4cefb339a86a950612025a0bb893c75f032a7c9367468120e2b19
apps/client/src/net/rooms/SnakeRoom.ts 037acd371d5071ae80067e883bd68ff2b21837620e41a9ebd1580eec0327a94b
apps/client/src/plugins/snake/index.ts 02ec4f08ac78a05c45cbf47b825099f6a42490b7b4e053e1197dc391f4db3d3d
apps/client/src/plugins/snake/logic/WardrobeLogic.ts 9db2a7455b3f65749d1a3b80244b093a28cd309921ab2a0f47bb6d993c318bcc
apps/client/src/plugins/snake/logic/snakeCosmeticRuntime.ts 8bd5c9c85e9460f8ec58f197b2045c6b3b1fd0eaa5a13b8cc37617ce3b34dc54
apps/client/src/plugins/snake/view/WardrobeView.ts 3c0c6b48ce08f9c1c1c7ecf81f4a33a144b9574e7c2598c346e604e294b04972
apps/client/src/plugins/snake/view/WardrobeView.view.json c63600d621b5b426689d329e39c7da9fa60ef76e2eea726a6809a0e1eb41e1d4
apps/client/src/view/rooms/snake/SnakeFoodMeshRenderer.ts b7b44fae447a5256c01f4441cfc3543d4fef4d9c67e8d9187963834ee7f3113e
apps/client/src/view/rooms/snake/SnakeMagnetAuraRenderer.ts 560ff98dd8f8443740cdeaaea204083f57c980c50443cd957b07d5ce2567294f
apps/client/src/view/rooms/snake/SnakeMeshRenderer.ts 9299319a73f61f4537500b445e5cfc516583a706711d3aa240c15b1e7b8c3f55
apps/client/src/view/rooms/snake/SnakeWorldView.ts 8b41fac2e9f17465a51d9d3e92cbb3794dbc15b8b9471b4c58522dbcf6ea1e4e
apps/client/src/view/rooms/snake/SnakeWorldView.view.json a696147e7a8b4b3df9f7ca70949bd6c7aba946a9f00d6a31c3b031ff6b2b6b40
apps/client/src/view/rooms/snake/snakeQuadMesh.ts 9bc4e15650da2654d246850b61408a4c5d626c25489c51b46b687df29fa121ae
apps/client/test/snake-gameplay.test.ts 963313b719a35606be0d5288dd2c14f812482b656f8a139b353a405ef915c7be
apps/client/test/snake-presentation.test.ts f58b7c710eaedeaa2b436bb3076a3f71c4ba000622c1e1af7a8d110c90b16870
apps/client/test/snake-skin-catalog.test.ts d5f662260ce2b32605711ea5e69fcc860410e51b77184fc0b2c8a3dbcb6427a7
apps/client/test/snake-wardrobe-logic.test.ts cb49b54fcefa2eb8724be8cb739da61be09baeb0ce5a9161598d0eb485087628
apps/plugins/snake/README.md 9b2949e8d0db7d136ecce17d5d31ad311955357b689c4f335940d2ea90688438
apps/plugins/snake/gameplay/manifest.json 311e776e01d511c93611c38705cb4e150123db099b561b0a8047cf577463653d
apps/plugins/snake/gameplay/state.json f8637eb1265c04f2f21ca3836505edbeb2c7e3e765385227de2e7619a7cf57bc
apps/plugins/snake/plugin.json 2dc12bf4af62e6669a7581e14f0f7534fdda931f0c0a41cfc1bd2c89ed01feeb
apps/server/src/rooms/modes/snake/ai.ts 6c0eb0d0632fdc6e4233206cba61612f556720898f9c1fd162136ea9b8eb497e
apps/server/src/rooms/modes/snake/cosmeticProfile.ts 2da39ebc80f91e1992ae34132297c2be9851bf6beb248952fda6eda569017cc9
apps/server/src/rooms/modes/snake/cosmeticRpc.ts 4a25f84fdcfab9294ab6e2c6b43bea402500ccd5bf1b281876f425bab141cb95
apps/server/src/rooms/modes/snake/index.ts 33c5e4f53535433bbbddc9be089194d6502f4824ef16e83c26f0a2db892423b8
apps/server/src/rooms/modes/snake/keys.ts 7c884dd7629db98506be1627cb72f066de9c38d2d6a8c3a70fc418489b91b893
apps/server/src/rooms/modes/snake/lifecycle.ts c9e30ced818f1ca539a5949616ada6c7e3a4cf1c150dca473feef54c9446b419
apps/server/src/rooms/modes/snake/rules.ts 6ade7b593a9fe198d256b96db86d43c1013fa02d938da0a03e634d3f61041a16
apps/server/src/rooms/modes/snake/runRewards.ts 67ef8a8afa88a89e01816a32aa928fb335d4cb3bab47ead0dad717f8d0632b9f
apps/server/src/rooms/modes/snake/skinBusinessCatalog.ts 6f0b2276a109ea1ba18fd202a02e9bc8e313ba886c29d3950f915981af66beb2
apps/server/src/rooms/modes/snake/skinBusinessCatalogData.ts ad6b28b99d40f989b813a3153781e56c335f09e262224b4233bfda9bd7d76c1d
apps/server/src/rooms/modes/snake/world.ts 015e5a5383eb49eaee589d2f576b21bfca839f989811c761ac33bad601404971
apps/server/src/websocket/snakeCosmetic/equip.ts fc002b07437b2305185cba83eb2b9a0371bc2a53eab51b0c145929f0dce8680b
apps/server/src/websocket/snakeCosmetic/getSnapshot.ts 5395f111e82e369974b6e16718653dfbcbedb10473dc3bf60e9e2aa08aecbe3e
apps/server/src/websocket/snakeCosmetic/unlock.ts 86963cf88c5a1b316544d86b8dbf71c0eb49d378119092abc71f22d6d3fcbcba
apps/server/test/int/snake-relive-demo.test.ts 5afd19b8393b22337ee634f5640ba4640dd1e32f320825ca601a1e6a9c12f762
apps/server/test/int/snake.test.ts cdcff59ec79bfa131fd2cead97b318d11c9758b6c73b8672bd3875e06f58cebd
apps/server/test/lobbyRpcVectors/snakeCosmetic.ts de6047a65d9df52513c072050a2d0caceee91e2a2eae168e1d5f6528b346655d
apps/server/test/snake-cosmetic-profile.test.ts ae8aba710da6c78d3452927833484288f994dcc6d50e7e4f160f7c80055fd5a7
apps/server/test/snake-progression.test.ts d2a13926eab8cf7b0e44dc0631db963f1faa9aa1211f8fe1a5725660c9816ee1
apps/server/test/snake-relive-demo.test.ts 130cf6bba22ac320abbc140cab56ad09fec84fe37881a1c16d368ea410f7a9a4
apps/server/test/snake-room.test.ts 96fa8a8cbcb074a32acd64204b145403807f5524dc525adda8e66618de9b31d6
apps/server/test/snake-rules.test.ts 9aae5ed62de77fd329d38424d1d791c2e1c4d5c2aa3ccbd415961dcdc93ce84f
apps/server/test/snake-run-rewards.test.ts 2d354c27bf0d08f8c63a1943d80026e735b5afd76ac953988b8830e09cd15b4f
apps/server/test/snake-world.test.ts 7393db387608a0ca481bcc1284083eef04a8d23c1016fa297c8308d4c9652070
apps/server/test/wire-vectors/snake.ts 551db6d9787a74cd983c47f38973cad262218a230144e2e02a8c51ab90bf89ac
apps/shared/src/gameplays/snake/cosmetics.ts 24e95f4279e4cea82ed64e4e65bf2611be8bbc0695ea3695702ce239385f6cd7
apps/shared/src/gameplays/snake/progression.ts a0c26bcc8fb8c57f999673bf834bb550712640a2d183025a5a7704f4caa258ea
apps/shared/src/gameplays/snake/ruleset.ts 5c2d5fa333299dba34efc1607247cffea5cc5f9824e26e8a98eaf9ce1067b287
apps/shared/src/gameplays/snake/snakeSkinCatalogData.ts bcfd222c41dd649dff6c4423438f3d4526015dffd8da3ab83cead9b18086c3d6
apps/shared/src/gameplays/snake/wire.ts 55d1bf3b68e6c7c57732a9ef9ea98e769a382f198efe47f4bf67ac803a6397ad
apps/shared/src/protocol/lobbyRpc/domains/snakeCosmetic.ts 17949949b68946f630d82e9b6f4703dc87b44866e90bf08865eab91bb974e908
