# scripts/packages/snake.lock —— 已安装插件 snake@1.0.0 的登记与文件清单锁。Do not edit by hand.
# writer: npm --workspace @game/server run plugin -- install ；checker: apps/server/test/plugin-lock.test.ts（随 verify:all）与 plugin -- check
# manifest {"id":"snake","version":"1.0.0","kinds":["client","gameplay"],"constantName":"Snake","domains":[],"fguiPackages":[]}
# source {"kind":"package","filesLockSha256":"ee8abb67f3736bbe97566edabf6497d72c9b2609a6a45be0cd954fb5323eeddb"}
apps/Cocos/assets/src/gameplay/modes/snake.meta 78a411a1d360a3d3f78e7f3dd8ffe9e6c9b9693219d2ec0835dc1906e955762d
apps/Cocos/assets/src/gameplay/modes/snake/index.ts 94dc55d91a27b14ab064ffa21d3eea50183c6a5f669800624dc558398c68ed9a
apps/Cocos/assets/src/gameplay/modes/snake/index.ts.meta 706270f86337407c87a1ea840d1f46114bf559f0b65afb3fd92f27434d13bf4a
apps/Cocos/assets/src/logic/rooms/snake.meta 63287020c081f9db8e472ba45e027d299b6fe1996f1bad844fb569a62f91a98c
apps/Cocos/assets/src/logic/rooms/snake/SnakeControls.ts cde041f80024227138eb2963897cc884289a55791ca1c20208d5d49767c18795
apps/Cocos/assets/src/logic/rooms/snake/SnakeControls.ts.meta 5387be668774df0a218cd4834dd0d532c15d222be5584b594b77c5dea78039ff
apps/Cocos/assets/src/logic/rooms/snake/SnakeGameplay.ts b318f396503693291f2fdc1d93d81e453277c2fb5e599c070be8dac0eaee374e
apps/Cocos/assets/src/logic/rooms/snake/SnakeGameplay.ts.meta ead364986d58c9522a11abd08c312b0ccb73dc10fd8c5c94965cfbaf40d5d9db
apps/Cocos/assets/src/logic/rooms/snake/SnakeHud.ts 98b9b7fcc4533a148c00a1cf2a22038b5cead42302db1e14d26149f569909cc6
apps/Cocos/assets/src/logic/rooms/snake/SnakeHud.ts.meta 8404c942c783901173103ca0f39ef7f68ae5dd803fc1aae43a31670ff0ff7be3
apps/Cocos/assets/src/logic/rooms/snake/SnakePresentationCatalog.ts ad95f527c6ef99244f726c2c205f61faba4d11c07a7f3839e46d26565d36f06c
apps/Cocos/assets/src/logic/rooms/snake/SnakePresentationCatalog.ts.meta b4a01fe0ab97e08761bf0a2962daaf30937851e21e2080ded0090489157a514e
apps/Cocos/assets/src/logic/rooms/snake/SnakePresentationCatalogData.ts e046713daf9037cd20b969fe9c61bcd235e5b8f113a92934c910414194abbcf7
apps/Cocos/assets/src/logic/rooms/snake/SnakePresentationCatalogData.ts.meta 5e9e02308803661d2e9707da0d94de5a8df145c4a36e21be6236a822358b0ba3
apps/Cocos/assets/src/logic/rooms/snake/SnakeSnapshotBuffer.ts 392743a641c4cefb339a86a950612025a0bb893c75f032a7c9367468120e2b19
apps/Cocos/assets/src/logic/rooms/snake/SnakeSnapshotBuffer.ts.meta 040245600f199b3c4a933e71be45e1978de74bafa91aaf2639424c8f1a67ad88
apps/Cocos/assets/src/net/rooms/SnakeRoom.ts 7c980abbc4324c8112f01fd08c2b73b5953bf7e908d8f5818f973740f24867bc
apps/Cocos/assets/src/net/rooms/SnakeRoom.ts.meta e6f24339bc4fa1359a7090aca1e60da08c0ee2f5143d51e37efa5ed519d602d9
apps/Cocos/assets/src/view/rooms/snake.meta 0a6b5d1c3e8fb679e9251e832b6bcbfbecd5cb2d6f09eba8a09e5e26b5f0b1be
apps/Cocos/assets/src/view/rooms/snake/SnakeFoodMeshRenderer.ts b7b44fae447a5256c01f4441cfc3543d4fef4d9c67e8d9187963834ee7f3113e
apps/Cocos/assets/src/view/rooms/snake/SnakeFoodMeshRenderer.ts.meta 3d19c061e6d4fc4dc36d51596af8de92c32e28a04f879375f18929fccf3ea1e2
apps/Cocos/assets/src/view/rooms/snake/SnakeMagnetAuraRenderer.ts 560ff98dd8f8443740cdeaaea204083f57c980c50443cd957b07d5ce2567294f
apps/Cocos/assets/src/view/rooms/snake/SnakeMagnetAuraRenderer.ts.meta a86aadc05178a37d8caf0e8873cd1fb46def8886e5a0fbbeda39a14978c8202f
apps/Cocos/assets/src/view/rooms/snake/SnakeMeshRenderer.ts 9299319a73f61f4537500b445e5cfc516583a706711d3aa240c15b1e7b8c3f55
apps/Cocos/assets/src/view/rooms/snake/SnakeMeshRenderer.ts.meta 21f92f45ef2c4300ac434b2f432203fe67956fb8240509ba5eea00f0844a9c1b
apps/Cocos/assets/src/view/rooms/snake/SnakeWorldView.ts 737b2edf322a5fe93d43423e0b819625613f4ccdf05b1d56e7f143fa6f0d7716
apps/Cocos/assets/src/view/rooms/snake/SnakeWorldView.ts.meta cc8283f80e9102492c91c66da623e48717ff91c11d8d7278a9e831268bcf37fc
apps/Cocos/assets/src/view/rooms/snake/SnakeWorldView.view.json a696147e7a8b4b3df9f7ca70949bd6c7aba946a9f00d6a31c3b031ff6b2b6b40
apps/Cocos/assets/src/view/rooms/snake/SnakeWorldView.view.json.meta f0b87b863d51ceb4e9ea8cfb0d10852188a6db5b6c7207909ab2a1a1f86d9d21
apps/Cocos/assets/src/view/rooms/snake/snakeQuadMesh.ts 9bc4e15650da2654d246850b61408a4c5d626c25489c51b46b687df29fa121ae
apps/Cocos/assets/src/view/rooms/snake/snakeQuadMesh.ts.meta a8da74de39fa306232f1da2157d1f5958af07d3fb9a55ff03357784ff9ea463c
apps/client/src/gameplay/modes/snake/index.ts 94dc55d91a27b14ab064ffa21d3eea50183c6a5f669800624dc558398c68ed9a
apps/client/src/logic/rooms/snake/SnakeControls.ts cde041f80024227138eb2963897cc884289a55791ca1c20208d5d49767c18795
apps/client/src/logic/rooms/snake/SnakeGameplay.ts b318f396503693291f2fdc1d93d81e453277c2fb5e599c070be8dac0eaee374e
apps/client/src/logic/rooms/snake/SnakeHud.ts 98b9b7fcc4533a148c00a1cf2a22038b5cead42302db1e14d26149f569909cc6
apps/client/src/logic/rooms/snake/SnakePresentationCatalog.ts ad95f527c6ef99244f726c2c205f61faba4d11c07a7f3839e46d26565d36f06c
apps/client/src/logic/rooms/snake/SnakePresentationCatalogData.ts e046713daf9037cd20b969fe9c61bcd235e5b8f113a92934c910414194abbcf7
apps/client/src/logic/rooms/snake/SnakeSnapshotBuffer.ts 392743a641c4cefb339a86a950612025a0bb893c75f032a7c9367468120e2b19
apps/client/src/net/rooms/SnakeRoom.ts 7c980abbc4324c8112f01fd08c2b73b5953bf7e908d8f5818f973740f24867bc
apps/client/src/view/rooms/snake/SnakeFoodMeshRenderer.ts b7b44fae447a5256c01f4441cfc3543d4fef4d9c67e8d9187963834ee7f3113e
apps/client/src/view/rooms/snake/SnakeMagnetAuraRenderer.ts 560ff98dd8f8443740cdeaaea204083f57c980c50443cd957b07d5ce2567294f
apps/client/src/view/rooms/snake/SnakeMeshRenderer.ts 9299319a73f61f4537500b445e5cfc516583a706711d3aa240c15b1e7b8c3f55
apps/client/src/view/rooms/snake/SnakeWorldView.ts 737b2edf322a5fe93d43423e0b819625613f4ccdf05b1d56e7f143fa6f0d7716
apps/client/src/view/rooms/snake/SnakeWorldView.view.json a696147e7a8b4b3df9f7ca70949bd6c7aba946a9f00d6a31c3b031ff6b2b6b40
apps/client/src/view/rooms/snake/snakeQuadMesh.ts 9bc4e15650da2654d246850b61408a4c5d626c25489c51b46b687df29fa121ae
apps/client/test/snake-gameplay.test.ts a5c9ff7f8f7396ee61117a4adf4ed63cbbaa91e0288713ef3804502ae9c81661
apps/client/test/snake-presentation.test.ts 0e8fee90f434de03ad78155e663ea920229c0daa7102ca9f2547ed9e086b5506
apps/client/test/snake-skin-catalog.test.ts 0368631b2207879a1b984352179ab35547df969527c0cff06b333aa17f7ccd19
apps/plugins/snake/README.md c03e762fc03b4731e0a3f92ef2cc2eb9458fb84d3681c233bbd1c9706470626d
apps/plugins/snake/gameplay/manifest.json 311e776e01d511c93611c38705cb4e150123db099b561b0a8047cf577463653d
apps/plugins/snake/gameplay/state.json f8637eb1265c04f2f21ca3836505edbeb2c7e3e765385227de2e7619a7cf57bc
apps/plugins/snake/plugin.json b5a7bbbba8355d2c640dba8266af862c38126a52430e117bc2d6c81ada0c7e55
apps/server/src/rooms/modes/snake/ai.ts 6c0eb0d0632fdc6e4233206cba61612f556720898f9c1fd162136ea9b8eb497e
apps/server/src/rooms/modes/snake/cosmeticProfile.ts c007d615a626faa7dde39318de49f67258ed9b395c27c7fb698d73d26498514d
apps/server/src/rooms/modes/snake/cosmeticRpc.ts 4a25f84fdcfab9294ab6e2c6b43bea402500ccd5bf1b281876f425bab141cb95
apps/server/src/rooms/modes/snake/index.ts a365f5b1aa90b6ad5d8bca91b1881a2785ada0bf439599f083337ffe63a32c92
apps/server/src/rooms/modes/snake/keys.ts 7c884dd7629db98506be1627cb72f066de9c38d2d6a8c3a70fc418489b91b893
apps/server/src/rooms/modes/snake/lifecycle.ts 34d61220a8bfb2a0969926883a3f7d8cd587a3b708c59c9e049a7487684110ab
apps/server/src/rooms/modes/snake/rules.ts 6ade7b593a9fe198d256b96db86d43c1013fa02d938da0a03e634d3f61041a16
apps/server/src/rooms/modes/snake/runRewards.ts 9c8e6581b31e52af184c596f4fe55bed7ed6167135f9e010ad98e54be5922596
apps/server/src/rooms/modes/snake/skinBusinessCatalog.ts 6f0b2276a109ea1ba18fd202a02e9bc8e313ba886c29d3950f915981af66beb2
apps/server/src/rooms/modes/snake/skinBusinessCatalogData.ts ad6b28b99d40f989b813a3153781e56c335f09e262224b4233bfda9bd7d76c1d
apps/server/src/rooms/modes/snake/world.ts 015e5a5383eb49eaee589d2f576b21bfca839f989811c761ac33bad601404971
apps/server/test/int/snake-relive-demo.test.ts 5afd19b8393b22337ee634f5640ba4640dd1e32f320825ca601a1e6a9c12f762
apps/server/test/int/snake.test.ts cdcff59ec79bfa131fd2cead97b318d11c9758b6c73b8672bd3875e06f58cebd
apps/server/test/snake-cosmetic-profile.test.ts 181541ea5e391a554fe45fd29e219ad062afddd12a0bf25ecf093e9b7cfcdc36
apps/server/test/snake-progression.test.ts d2a13926eab8cf7b0e44dc0631db963f1faa9aa1211f8fe1a5725660c9816ee1
apps/server/test/snake-relive-demo.test.ts f3847b0d5e5081bbf2f55242d45b8783d1f8dfbbc63a1877eea3c3e14ed2afa4
apps/server/test/snake-room.test.ts 235ddeb028394f48b6d8642b230b201f42c82347ad88edbc354760fc5049398f
apps/server/test/snake-rules.test.ts 9aae5ed62de77fd329d38424d1d791c2e1c4d5c2aa3ccbd415961dcdc93ce84f
apps/server/test/snake-run-rewards.test.ts 9cfe122595326f482e012eb881f77ceff2c6dfc16dab471e1aa16e1265795b5c
apps/server/test/snake-world.test.ts 7393db387608a0ca481bcc1284083eef04a8d23c1016fa297c8308d4c9652070
apps/server/test/wire-vectors/snake.ts 551db6d9787a74cd983c47f38973cad262218a230144e2e02a8c51ab90bf89ac
apps/shared/src/gameplays/snake/cosmetics.ts 24e95f4279e4cea82ed64e4e65bf2611be8bbc0695ea3695702ce239385f6cd7
apps/shared/src/gameplays/snake/progression.ts a0c26bcc8fb8c57f999673bf834bb550712640a2d183025a5a7704f4caa258ea
apps/shared/src/gameplays/snake/ruleset.ts 5c2d5fa333299dba34efc1607247cffea5cc5f9824e26e8a98eaf9ce1067b287
apps/shared/src/gameplays/snake/snakeSkinCatalogData.ts bcfd222c41dd649dff6c4423438f3d4526015dffd8da3ab83cead9b18086c3d6
apps/shared/src/gameplays/snake/wire.ts 55d1bf3b68e6c7c57732a9ef9ea98e769a382f198efe47f4bf67ac803a6397ad
