# scripts/plugins/redeem.lock —— 已安装插件 redeem@1.0.1 的登记与文件清单锁。Do not edit by hand.
# writer: npm --workspace @game/server run plugin -- install ；checker: apps/server/test/plugin-lock.test.ts（随 verify:all）与 plugin -- check
# manifest {"id":"redeem","version":"1.0.1","kinds":["feature"],"constantName":null,"domains":["redeem"],"fguiPackages":[]}
apps/Cocos/assets/src/features/redeem.meta 639172d3ae01bb4b2390beb1f10e5b847d28238a601c5521f4610d27ac66a6b4
apps/Cocos/assets/src/features/redeem/index.ts 2c950c4e5695748d495f114fe6049049af56d8a0c338562f174b91518ef7b4b2
apps/Cocos/assets/src/features/redeem/index.ts.meta 7d02df934e31940ab85a30f8f5482ef445342604bc3723753a40c75e2950da24
apps/Cocos/assets/src/features/redeem/logic.meta 5a6c5001f17d0a350de12d0fbef7776dfd575d949772ba8acca425dd7c4183ef
apps/Cocos/assets/src/features/redeem/logic/RedeemLogic.ts bd6288956bc8e765969f80e6372991a187383eaa8c0e557ce96fdd175f7050b2
apps/Cocos/assets/src/features/redeem/logic/RedeemLogic.ts.meta 89a04a1896b6905d4b42a05be59e3bfb6859bfe6dbfb65de5268b751701f7961
apps/Cocos/assets/src/features/redeem/logic/redeemRuntime.ts 9fcbd589f1351f35314da4cc2ef89a67804728d0ac1cdcae26c0c502a9860560
apps/Cocos/assets/src/features/redeem/logic/redeemRuntime.ts.meta 1f64b466126ee9b1943fa49780aa2ab2631bfad02a91d2dcd1050bb505292b9e
apps/Cocos/assets/src/features/redeem/view.meta 817ce2db4c2b48ac83b856009001105cb7fbeb546cb680df4c6de80ba453202c
apps/Cocos/assets/src/features/redeem/view/RedeemView.ts b40cfc1d0bb4aaf43eaca44f9021aea7295929801b8b1fc6c19dd74738e1c59f
apps/Cocos/assets/src/features/redeem/view/RedeemView.ts.meta d52c1a01534db10c73166f0ce49db48f44c8d38a2d86d7c9dc9400b2fd497276
apps/Cocos/assets/src/features/redeem/view/RedeemView.view.json 42bbf1aa57dfb12678e024d248209d7797332adba7999399b6a15e49ec836a50
apps/Cocos/assets/src/features/redeem/view/RedeemView.view.json.meta e6aeeca0b36de4c84ad917aba1a4401fd85c3b9480394b8d0fedf7b14c5fd149
apps/client/src/features/redeem/index.ts 2c950c4e5695748d495f114fe6049049af56d8a0c338562f174b91518ef7b4b2
apps/client/src/features/redeem/logic/RedeemLogic.ts bd6288956bc8e765969f80e6372991a187383eaa8c0e557ce96fdd175f7050b2
apps/client/src/features/redeem/logic/redeemRuntime.ts 9fcbd589f1351f35314da4cc2ef89a67804728d0ac1cdcae26c0c502a9860560
apps/client/src/features/redeem/view/RedeemView.ts b40cfc1d0bb4aaf43eaca44f9021aea7295929801b8b1fc6c19dd74738e1c59f
apps/client/src/features/redeem/view/RedeemView.view.json 42bbf1aa57dfb12678e024d248209d7797332adba7999399b6a15e49ec836a50
apps/client/test/redeemLogic.test.ts f1db5128bd123c6184911ef0ae8aa8cfcf1acff93e369523d10e32f1181e7f91
apps/server/src/core/redeem/claim.ts 6020b88ba76db80579ed0a94d18b4d0e68e87199367977b6e30d68b39830fc81
apps/server/src/core/redeem/codes.ts 492a7aeddb96f3d3473b59bebf172e9e63267781167718671c111d612ef7211a
apps/server/src/core/redeem/store.ts f02a1eff0b5ff63a5298136d6f2aacf86f2a8394f7ad052b91056ec9990e748a
apps/server/src/websocket/redeem/claim.ts 5f292f9c1d6e23ec23a97d5aaaf35acb9fba8ad78af2d3d8f15095b0fd999113
apps/server/test/lobbyRpcVectors/redeem.ts 356bb48acbbc8a7ffc2f5e56f23cfe8a6ac123fffce936990dcc8fc15e2d14b8
apps/server/test/redeem-claim.test.ts 8110f796f52049c5ed4e9353fcf96b13132602372807d9424ee80482e0d8b8d0
apps/shared/src/protocol/lobbyRpc/domains/redeem.ts e7e74dc98acf6cfb1d5bfd0261930d6bbc5bb07e2efa79dec0e91be485596514
docs/redeem/README.md 8b9da04741f190ccbeec9c3d8cf56aeeac0f2dc430e9eb1bdeabf0c943b8e31a
features/redeem/feature.json 2155ab0f280bc2078d924471961b45a585e94bd41c618955b0799342094633e6
plugins/redeem/plugin.json 81271aa8dfb5353c18e8aea50e8c1fc3547ca1520c60a7fce6e7fe0275f32f50
