# scripts/protected-paths.lock —— 受保护手写路径的字节锁。Do not edit by hand.
# writer: node scripts/protected-paths-lock.mjs --write ；checker: --check（npm run verify:protected-paths）
# 每行 `<路径> <sha256>`（内容哈希，可用 shasum -a 256 复核）；范围见 scripts/protected-paths.json。
apps/client/src/Main.ts 099c43d68e355bec3c78ad6b81c6d13a02b1ff75577b9fc91e53cf2c2ebf8378
apps/client/src/app/AppRuntime.ts ae593523cdf806fb74a9e1f6424fbac843873ec4c43bc77c382cc5edabaad23d
apps/client/src/app/CocosLifecycleBridge.ts 333e689f1657019ab7e2f6dbf87a524b87af3988a2a1a6748b5fbf1c6e72361d
apps/client/src/app/FrameScheduler.ts 04766a657ba81991e085d5cc960c1a4caa700686eee2ca69c9dd8a2d9ec3c262
apps/client/src/app/LifecycleBus.ts 1b6a8730a81a67eaaad7de2939eb58e8fb484a78271f6a10e3315cb8bf83c358
apps/client/src/app/NavigationService.ts a428acbfa3820d25769d94be20d0c5b6bebaf29f67cfd4ffe4651b5e4c3acaa0
apps/client/src/app/PendingOperationJournal.ts 02bfb475b2a40b75647c7e27e4fc4bc1184d16b8b4be2a82aa5168dbff34ae8c
apps/client/src/app/PluginHost.ts 14e0bf849722923487a6dcb2013be7c83bdde44fd9efab3c5c13e4e25ab75d4f
apps/client/src/app/PluginRegistry.ts 894818e765ea6f7015d12dc2bb1f87589de6524795ac44c8cba2a41b95fa709d
apps/client/src/app/RefreshCoordinator.ts ebeb171a1653b2dff66bbcffbc353902dda5c170751656fa456de88694b4c6c6
apps/client/src/app/SessionCoordinator.ts 7830dc31b8bb08b8b2933bcc17eb50a8121c30bca64a678c3a1565277e0d2aad
apps/client/src/app/appGeneration.ts d305935b381780a644e03cad8fd5fb87152b9965b04c43d3df95d26fc73d1d4b
apps/client/src/app/bootstrap.ts e0dbbba16e949b457b322f8fe66e58edb8e312c3da959530b2f15293e0506fda
apps/client/src/app/builtinPlugin.ts ccce2e9e5e79acd16afb23a2e6881bc2d03c0de5a5e6317090e487c7279dd4df
apps/client/src/app/loginFlow.ts 7ba2c5cdfbbb6e87966f4a5c1aa53bcf0a0645ccc9ac9f82c9cbc4a026cdcd4d
apps/client/src/app/ports.ts 298dc82d5b9d2f28fb6c7e7e59253266e90b72972e4a81ef89cb86754f23ad7c
apps/client/src/app/wiring.ts d958e29cb74b6521a4a35668d09fa3d05d104520d1918f569c66bc93805dbcca
apps/client/src/gameplay/catalog.ts 5cd68321b5fc2de84a389e7cc97c6874132953382e34661325ce1baef90e308f
apps/client/src/gameplay/services.ts a7fa769a8f193794aaf88f3081c81345d0681adae6abc064b7a7a939938b06ef
apps/client/src/logic/gameplay/GameplayModule.ts 0c0a27ff9aadfc530fbaebcf1158e84c94460f32714d5ba8fc69ae7fb3639b89
apps/client/src/logic/gameplay/GameplayPlugin.ts 76ec70f8715480a89ee495f36c791f6c4c817ae054030874531f11c5a7bc069e
apps/client/src/logic/gameplay/GameplayRegistry.ts 4d099163e4ba7f376cb732c7b01e290cf6389a54efc2403ce8b8935f1558f47b
apps/client/src/logic/gameplay/RoomController.ts 9dd02996ea2d710e1c3c46b42ad17544c8c423d054103b6d5458137e08ad9f78
apps/client/src/logic/gameplay/index.ts df9705b50bb6734f5b4d98e3bbecdab15c44ec97fea9ac43f46a76bf9768c37a
apps/client/src/logic/page/HomeLogic.ts 493cdd181ce62a281ff17943cb3b9e478059d209766cd872174d7847cd87e96f
apps/client/src/net/RoomClient.ts 5ad219e50a472defdc4718bf4043c4214079fdfb51a50f326073d622fd9b9726
apps/client/src/net/WebSocketClient.ts f7c569a7c6b16304279b43d8d4d2c3b12fe0316ca22d003f43bb11a5a14b288e
apps/client/src/net/rooms/GameRoomTransport.ts 0d4e678f91fe8916b9a4cc12c7faf5d0e86321001c3e79944706ca354f574036
apps/client/src/net/session.ts 67f7f35372082d92d385db70d655d3caf93f71c5d9704ed2ebaa4ce3f86916ea
apps/client/src/view/HomeView.ts 757781d51594acfc3d610cbf2a999544a1a6804414976b1ed12b0411df58fa66
apps/client/src/view/ViewMgr.ts cec47546c7aab8509691168b483d6520103eb6ee0932e35ae48f4508c644fc44
apps/client/src/view/defineView.ts 3c435c751573824c5dfc1253483a85a861119726ca4217871456aeba2da1f913
apps/client/src/view/fguiContracts.ts 93841ad5d394e9ab99be9999943264079ecaa667c844e283f9d0b2180d9e99d1
apps/client/src/view/pages.ts 9cee05d4b1ee7374414154909de2afc2f9c965e034a104853493e2a7486cdd5c
apps/client/src/view/viewRegistry.ts b8a289a1d56dbf35a9d5200c6206d22c72f3e3b7d8e8088bca2edbe8424ecd74
apps/server/sql/schema.sql 2d8d9261295b22b13cafef8db023e8afad69e02234ca3fa7eca344b7cee15ef5
apps/server/src/app.config.ts 1dc239faebf195cf587666c9025f63ab997d49e3a2e6aa7d91d3e119600d1459
apps/server/src/core/errors.ts bc941c9f5312a8956f5990d9807a39fa5058e0191a27ba0666b0e50d12224022
apps/server/src/core/idem.ts a82f495bbd41f7a07169e28269328505bb3305fd0ea681a686976ea319db7069
apps/server/src/rooms/GameMode.ts 5cd7d5148ede98f7da0f365c9ef6a34c3d4cfd7d99c03e4e6f71ca573b9618ca
apps/server/src/rooms/GameRoom.ts 263417296e7d090833fdc7e4e8802d8cb7ff132203a8d090651eb6a99cab94a6
apps/server/src/rooms/WorldMode.ts c10516de2fd7a7cadfa1ebe5472ed4fb30485296e0e02b37d0ee32abfccf05fa
apps/server/src/rooms/WorldRoom.ts d793c5a5f6a0ddd01e04be965f4e3e1ef278c116298e19fa3ed93d4bb810b88c
apps/server/src/rooms/core/AccessPolicy.ts d6bee6114f8e3fe015bff42657c739366df64fe3ad694a46c241e149d105a2a2
apps/server/src/rooms/core/Baseline.ts 80b401e7a01d23f04eb00fe34aa98f35210bf4f096c611f9f7c20f754396c208
apps/server/src/rooms/core/CheckpointPort.ts dc0e7eab77ba5c564691e04d9c4dd67695b74fc8ca5652822c05c8230a616b73
apps/server/src/rooms/core/InterestSet.ts 76293a71a62b2cef5ccafa6ec7858ede49379738bed78313267f708d3e6ded12
apps/server/src/rooms/core/MessageBudget.ts b6b3eaed8adf8d4d5eb9086d6eaf73790b7df41c3eed276cfc4285ace980f7ca
apps/server/src/rooms/core/ObserverSync.ts 884d922617542911dd2a90cd242bec59b6abb56b53e5274fa6fbbc3daceed716
apps/server/src/rooms/core/OutboundQueue.ts 4bf3e2940d6a51cc5b323f17b7915cf6682b5288ce115bcb9ecb407aaca94722
apps/server/src/rooms/core/ReconnectGrace.ts 6df11ffc666acd81fe35107bd14e02907447f179a996056931560d8c1331bf4e
apps/server/src/rooms/core/RoomAuth.ts 698ea9ff84a17029f5768fae0808fe0068f7c2a1c8da6fef7d603f92531d5d12
apps/server/src/rooms/core/RoomProfile.ts cea866c7e63a30fa058ea964e59b6a93e4e9c2f1aac6092d9d3d6ddc1a0778c2
apps/server/src/rooms/core/S2CPorts.ts 3e4af5e3e1105d4533af89978cae1a2344500d3217d41f19bcb657bc79de9a85
apps/server/src/rooms/core/StartPolicy.ts 3a89240dd9f91a64091bf5cde91f441f06acbc06b29071426ef1eba4f924ef58
apps/server/src/rooms/core/WireDispatcher.ts c020e18340e996a31bb4aa07d34d3a7d15533e65a1e213d30b2ec84280cb0e35
apps/server/src/rooms/core/WorldCheckpoint.ts 5b87adad92f845360dffb022d3b4c744c5fdff9d2074f2e7cca75cc2c2f3e5b9
apps/server/src/rooms/core/WorldDirectory.ts 1975dcfde70fbb3655a2ca2cc2c58b1fe69bd68a48631b261ea569c409377165
apps/server/src/rooms/core/WorldEventPort.ts 83495e6ac4c84e9d738ff5067b4fb60a44814014bf52990fc6e2d2dd9a3c702f
apps/server/src/rooms/core/WorldLease.ts 4100810ff08b4933d795a68a5de959b00408c19fa5f1618e695c06d377d4ca94
apps/server/src/rooms/core/WorldProfile.ts ca95f735d29690dc8411a653a7dc7b86948012f657f8eecfe51baef167475c0b
apps/server/src/rooms/core/WorldRuntime.ts 7823c0a74e1af69fe7a19c3199f1de79039a5c253bbdc3ed2dd7614262fd468b
apps/server/src/rooms/core/WorldTicket.ts 87302739b305f856346eb408052b24a510037685e1e42c437d26ae5a0d0bddc2
apps/server/src/rooms/core/WorldTransfer.ts 757949668c2a9eacdacba809e3981f380b117156b9b8a2f616a874f565846efe
apps/server/src/rooms/core/WorldTx.ts bee0ab9c1854cc704510879f99f9966acbde7492804e182497bbbf362eba0f81
apps/server/src/rooms/core/control.ts 79925a0fb04b6b4c0a97b0f90c86c30a9096b27d48a7ceb185ef48a30df072e8
apps/server/src/rooms/core/transfer.ts 66d8db246bd946bb274fcc7e734bfc34051984923394f6b2388fb6012ed274bb
apps/server/src/rooms/modes/catalog.ts dca78082797817f6ab6fc23ce0a760b7db8487b1d12fba62670cb4dc7348c4c4
apps/server/src/websocket/dispatcher.ts d46f57eb731240b84bafd71206944117bf5787b1b9b82c23ac073c8d5b0ed6b0
apps/server/src/websocket/rpc.ts beffdc4e0824fe92c1841d7de0335d9cccfdf4b486e4c06376e9ea6b4b88dca2
apps/server/src/world.config.ts 5a7e97ca470d6b027371800973a3f94b875f596934abcd49a58feaaaaa72764a
apps/shared/src/protocol/lobbyRpc/envelope.ts 40284c03cf673d9f015f9740116e07cdde7f692eee9bc10bb4d89389c8584759
apps/shared/src/protocol/lobbyRpc/index.ts 87a18b9bfd7fcd85fb943fe3fea022ae0a96345e08d04b6a00d712e086cbbe30
apps/shared/src/protocol/lobbyRpc/push.ts c2b5dba98d0a8ad28524ddb9874d20f47644f2874bc2e371e0dc4a935aa4619f
apps/shared/src/protocol/messages.ts c4a4cb615f0e96c6713742cc6e4d6cf9caf7015853ea0a3fb92141bb1a8f21ed
