# scripts/protected-paths.lock —— 受保护手写路径的字节锁。Do not edit by hand.
# writer: node scripts/protected-paths-lock.mjs --write ；checker: --check（npm run verify:protected-paths）
# 每行 `<路径> <sha256>`（内容哈希，可用 shasum -a 256 复核）；范围见 scripts/protected-paths.json。
apps/client/src/Main.ts 19adaceb8ddc11d25296ca911e733b9fa64867da489ffabbd6b1ae27ee547a63
apps/client/src/app/AppRuntime.ts 937a2f1e791c3c3a28c4a3d600bd70386a4bdf6a258aeb264e84872006b61e08
apps/client/src/app/CocosLifecycleBridge.ts 333e689f1657019ab7e2f6dbf87a524b87af3988a2a1a6748b5fbf1c6e72361d
apps/client/src/app/FeatureHost.ts 3fb2d55c87945bfdd1434e2497d410685a6317144027342d3957b5f81df0c15f
apps/client/src/app/FeatureRegistry.ts e3b990152050ae8e1173d5690a5dd507e1f08363367c5844efd04e1b8f764381
apps/client/src/app/FrameScheduler.ts e8caf0f8959a5e11d4ffe6ba0b2bb51ab16e24250fd730a3b17452a23612c1c4
apps/client/src/app/LifecycleBus.ts 1b6a8730a81a67eaaad7de2939eb58e8fb484a78271f6a10e3315cb8bf83c358
apps/client/src/app/NavigationService.ts f274394b97341f6ccf1558511c6c34b92eb4b60cb7507ec786c306f4d23b40e0
apps/client/src/app/PendingOperationJournal.ts 8acd70711308eccbffbce748b77934f5abdb4b0d8b381ea23c6fd58c684de6a9
apps/client/src/app/RefreshCoordinator.ts b00b7e64d97a5c1ac6a27b4a8fa5818f46f9b8120614d146428e6cd70af3327f
apps/client/src/app/SessionCoordinator.ts e6939ce6760160552e75c95f9ff55134bc825a81fe07c1aee79665b5b40c21c4
apps/client/src/app/appGeneration.ts d305935b381780a644e03cad8fd5fb87152b9965b04c43d3df95d26fc73d1d4b
apps/client/src/app/bootstrap.ts e0dbbba16e949b457b322f8fe66e58edb8e312c3da959530b2f15293e0506fda
apps/client/src/app/builtinFeature.ts d476168f5f84b39d5e21ae1ea1b4aad50f19de336b9431f814978b9a0a658325
apps/client/src/app/loginFlow.ts 9671c2764f9c07bc707525ace90d0dd0196c3d1c6554fed161cae21c943f3d83
apps/client/src/app/ports.ts 0e0c5cd82e3ac4446cf2e10f94686cdc73522cc3ad0a6b2e8ccc2f1ebc38d0d3
apps/client/src/app/wiring.ts d958e29cb74b6521a4a35668d09fa3d05d104520d1918f569c66bc93805dbcca
apps/client/src/gameplay/catalog.ts 5cd68321b5fc2de84a389e7cc97c6874132953382e34661325ce1baef90e308f
apps/client/src/gameplay/services.ts 9b461e2ebf4e9bc1170e154305c68e44b9f76fd4187889aa83d84bcf244b4bf4
apps/client/src/logic/gameplay/GameplayModule.ts 18a67d66e3816f2a38f7cf2b85739addc6e85a344cad79ddaaae521348a520f7
apps/client/src/logic/gameplay/GameplayPlugin.ts 76ec70f8715480a89ee495f36c791f6c4c817ae054030874531f11c5a7bc069e
apps/client/src/logic/gameplay/GameplayRegistry.ts 4d099163e4ba7f376cb732c7b01e290cf6389a54efc2403ce8b8935f1558f47b
apps/client/src/logic/gameplay/RoomController.ts d54d5886bf949dbbc680022548bc9548c25d130df0ca377652356180846fe368
apps/client/src/logic/gameplay/index.ts df9705b50bb6734f5b4d98e3bbecdab15c44ec97fea9ac43f46a76bf9768c37a
apps/client/src/logic/page/HomeLogic.ts a1958ad4df3897e4911bab3932843cb7c07cd04323bc938052bcfed4095bb16a
apps/client/src/net/RoomClient.ts 346fae8b0fd13e179b9e0a8193fcd157f06c6a8020e36eb17ca5d311822ee322
apps/client/src/net/WebSocketClient.ts 733337ffcf54a2a7589a962d3364a38f73398131bf55eea61cffc875b802dab8
apps/client/src/net/rooms/GameRoomTransport.ts 3dc372372cf668269e1bd5b472d74d449c445526cffdffa24f65ab3fad2bd19a
apps/client/src/net/session.ts 67f7f35372082d92d385db70d655d3caf93f71c5d9704ed2ebaa4ce3f86916ea
apps/client/src/view/HomeView.ts 757781d51594acfc3d610cbf2a999544a1a6804414976b1ed12b0411df58fa66
apps/client/src/view/ViewMgr.ts 2c6ffad9b5087a053d15dab329c6ab8f1c4e3715ebcacd439da6a01d86c59bea
apps/client/src/view/defineView.ts 15a682d6844622fa28abbf650154eadcf6661a7c8d74c063c6b7442679a538fa
apps/client/src/view/fguiContracts.ts 6723750e9d4433bfcaed12d14b9543397b4bce82a6decc5a2c84efc4f1998376
apps/client/src/view/pages.ts 7f40b61c35a3a0c3d5630912681fb6576a5a8dd631ceda53bc538104536ec699
apps/client/src/view/viewRegistry.ts dad794125c8abf247e393e02eed5caf60c9dc4562665ee53a2e15e96b7ecce22
apps/server/src/core/errors.ts 8bac590d28583c2ac46523c0fbed42a5b2b1b5c27f8d2c6ad6bb8b2fded010ee
apps/server/src/core/idem.ts a82f495bbd41f7a07169e28269328505bb3305fd0ea681a686976ea319db7069
apps/server/src/rooms/GameMode.ts 73556a8c25e224d1834434d7b9758d78d418b56046d882af67a79f87a194cc93
apps/server/src/rooms/GameRoom.ts b235bef4d515e5fed15acad59d366a0ee5da44678d57615848aed35c1cb0af36
apps/server/src/websocket/dispatcher.ts d46f57eb731240b84bafd71206944117bf5787b1b9b82c23ac073c8d5b0ed6b0
apps/server/src/websocket/rpc.ts beffdc4e0824fe92c1841d7de0335d9cccfdf4b486e4c06376e9ea6b4b88dca2
apps/shared/src/protocol/lobbyRpc/envelope.ts 40284c03cf673d9f015f9740116e07cdde7f692eee9bc10bb4d89389c8584759
apps/shared/src/protocol/lobbyRpc/index.ts 0d3a4c7c13c076df7af15be4e63343f58f7fa67a5a3d653851013c4e4612b6f7
apps/shared/src/protocol/lobbyRpc/push.ts 133c82d824ccbabee898fb35c7524e0fc8649bbc1e4927395e8b4926160ee9f6
apps/shared/src/protocol/messages.ts 3752120e35b0d993b960f05f582565a2048d2bd8c1a4287952053ec4b0c80f4e
