# scripts/protected-paths.lock —— 受保护手写路径的字节锁。Do not edit by hand.
# writer: node scripts/protected-paths-lock.mjs --write ；checker: --check（npm run verify:protected-paths）
# 每行 `<路径> <sha256>`（内容哈希，可用 shasum -a 256 复核）；范围见 scripts/protected-paths.json。
apps/client/src/Main.ts 099c43d68e355bec3c78ad6b81c6d13a02b1ff75577b9fc91e53cf2c2ebf8378
apps/client/src/app/AppRuntime.ts a8e75ab42c516d7b4bc6b8d556727b39d1ea3d3d24ec0c3b5dcb030506113f92
apps/client/src/app/CocosLifecycleBridge.ts 333e689f1657019ab7e2f6dbf87a524b87af3988a2a1a6748b5fbf1c6e72361d
apps/client/src/app/FrameScheduler.ts 04766a657ba81991e085d5cc960c1a4caa700686eee2ca69c9dd8a2d9ec3c262
apps/client/src/app/LifecycleBus.ts 1b6a8730a81a67eaaad7de2939eb58e8fb484a78271f6a10e3315cb8bf83c358
apps/client/src/app/NavigationService.ts a428acbfa3820d25769d94be20d0c5b6bebaf29f67cfd4ffe4651b5e4c3acaa0
apps/client/src/app/PendingOperationJournal.ts 02bfb475b2a40b75647c7e27e4fc4bc1184d16b8b4be2a82aa5168dbff34ae8c
apps/client/src/app/PluginHost.ts 14e0bf849722923487a6dcb2013be7c83bdde44fd9efab3c5c13e4e25ab75d4f
apps/client/src/app/PluginRegistry.ts 894818e765ea6f7015d12dc2bb1f87589de6524795ac44c8cba2a41b95fa709d
apps/client/src/app/RefreshCoordinator.ts ebeb171a1653b2dff66bbcffbc353902dda5c170751656fa456de88694b4c6c6
apps/client/src/app/SessionCoordinator.ts 7830dc31b8bb08b8b2933bcc17eb50a8121c30bca64a678c3a1565277e0d2aad
apps/client/src/app/appGeneration.ts d305935b381780a644e03cad8fd5fb87152b9965b04c43d3df95d26fc73d1d4b
apps/client/src/app/bootstrap.ts e0dbbba16e949b457b322f8fe66e58edb8e312c3da959530b2f15293e0506fda
apps/client/src/app/builtinPlugin.ts ccce2e9e5e79acd16afb23a2e6881bc2d03c0de5a5e6317090e487c7279dd4df
apps/client/src/app/loginFlow.ts 6969d89d411c5399ef1e957ebb5da96d6e42496550acb7e872d68bde8e255470
apps/client/src/app/ports.ts 298dc82d5b9d2f28fb6c7e7e59253266e90b72972e4a81ef89cb86754f23ad7c
apps/client/src/app/wiring.ts d958e29cb74b6521a4a35668d09fa3d05d104520d1918f569c66bc93805dbcca
apps/client/src/gameplay/catalog.ts 5cd68321b5fc2de84a389e7cc97c6874132953382e34661325ce1baef90e308f
apps/client/src/gameplay/services.ts 9b461e2ebf4e9bc1170e154305c68e44b9f76fd4187889aa83d84bcf244b4bf4
apps/client/src/logic/gameplay/GameplayModule.ts 366a5c73babe2fd72a71677445135c976cf4c8140e3918a08304941a51346f08
apps/client/src/logic/gameplay/GameplayPlugin.ts 76ec70f8715480a89ee495f36c791f6c4c817ae054030874531f11c5a7bc069e
apps/client/src/logic/gameplay/GameplayRegistry.ts 4d099163e4ba7f376cb732c7b01e290cf6389a54efc2403ce8b8935f1558f47b
apps/client/src/logic/gameplay/RoomController.ts d54d5886bf949dbbc680022548bc9548c25d130df0ca377652356180846fe368
apps/client/src/logic/gameplay/index.ts df9705b50bb6734f5b4d98e3bbecdab15c44ec97fea9ac43f46a76bf9768c37a
apps/client/src/logic/page/HomeLogic.ts 493cdd181ce62a281ff17943cb3b9e478059d209766cd872174d7847cd87e96f
apps/client/src/net/RoomClient.ts 346fae8b0fd13e179b9e0a8193fcd157f06c6a8020e36eb17ca5d311822ee322
apps/client/src/net/WebSocketClient.ts 733337ffcf54a2a7589a962d3364a38f73398131bf55eea61cffc875b802dab8
apps/client/src/net/rooms/GameRoomTransport.ts 3dc372372cf668269e1bd5b472d74d449c445526cffdffa24f65ab3fad2bd19a
apps/client/src/net/session.ts 67f7f35372082d92d385db70d655d3caf93f71c5d9704ed2ebaa4ce3f86916ea
apps/client/src/view/HomeView.ts 757781d51594acfc3d610cbf2a999544a1a6804414976b1ed12b0411df58fa66
apps/client/src/view/ViewMgr.ts 64c80931fbbf4814ffd9c78e7a8bfe6a9637e7bc93d04e79fabc179a391880d5
apps/client/src/view/defineView.ts 44857f342ca755173e456ea2312fd6414949f6e12029a33983489f64fa9c6b3e
apps/client/src/view/fguiContracts.ts ab007a82ade7b7b2cb1fd1a598fc02f8d938b77ba24655987f2dae2236aae836
apps/client/src/view/pages.ts 9cee05d4b1ee7374414154909de2afc2f9c965e034a104853493e2a7486cdd5c
apps/client/src/view/viewRegistry.ts b8a289a1d56dbf35a9d5200c6206d22c72f3e3b7d8e8088bca2edbe8424ecd74
apps/server/sql/schema.sql 565f0a0c16be3c1647e8395162932492d929f205b65e01edb795ac70d7895519
apps/server/src/app.config.ts 899fd9d2be743d518acb4a77286c75420f89b27fbc5e708753419d3cdc593750
apps/server/src/core/errors.ts 8bac590d28583c2ac46523c0fbed42a5b2b1b5c27f8d2c6ad6bb8b2fded010ee
apps/server/src/core/idem.ts a82f495bbd41f7a07169e28269328505bb3305fd0ea681a686976ea319db7069
apps/server/src/rooms/GameMode.ts eb71c743124eff9ed1d04422d8411adfed0ea069180282b0c4c143757a843f6c
apps/server/src/rooms/GameRoom.ts 8581211a11070f577cc9785e7f66c43f5a386af24a3f5f3b664ea1ed251ac86b
apps/server/src/rooms/modes/catalog.ts ad1ed9c812834cd73f55bdca8c7dcdd865636fc753fe0a02f25569a77502b544
apps/server/src/websocket/dispatcher.ts d46f57eb731240b84bafd71206944117bf5787b1b9b82c23ac073c8d5b0ed6b0
apps/server/src/websocket/rpc.ts beffdc4e0824fe92c1841d7de0335d9cccfdf4b486e4c06376e9ea6b4b88dca2
apps/shared/src/protocol/lobbyRpc/envelope.ts 40284c03cf673d9f015f9740116e07cdde7f692eee9bc10bb4d89389c8584759
apps/shared/src/protocol/lobbyRpc/index.ts 87a18b9bfd7fcd85fb943fe3fea022ae0a96345e08d04b6a00d712e086cbbe30
apps/shared/src/protocol/lobbyRpc/push.ts c2b5dba98d0a8ad28524ddb9874d20f47644f2874bc2e371e0dc4a935aa4619f
apps/shared/src/protocol/messages.ts 3752120e35b0d993b960f05f582565a2048d2bd8c1a4287952053ec4b0c80f4e
